
Microsoft Visual Studio Solution File, Format Version 12.00
# Visual Studio Version 17
VisualStudioVersion = 17.8.34309.116
MinimumVisualStudioVersion = 10.0.40219.1
Project("{FAE04EC0-301F-11D3-BF4B-00C04F79EFBC}") = "Producer", "Producer\Producer.csproj", "{6A4A787B-794C-4949-9E5B-AAF0788F0BA3}"
EndProject
Project("{FAE04EC0-301F-11D3-BF4B-00C04F79EFBC}") = "Consumer", "Consumer\Consumer.csproj", "{C1AAFE55-5051-4DF9-9406-CFDA7DDD3354}"
EndProject
Global
	GlobalSection(SolutionConfigurationPlatforms) = preSolution
		Debug|Any CPU = Debug|Any CPU
		Release|Any CPU = Release|Any CPU
	EndGlobalSection
	GlobalSection(ProjectConfigurationPlatforms) = postSolution
		{6A4A787B-794C-4949-9E5B-AAF0788F0BA3}.Debug|Any CPU.ActiveCfg = Debug|Any CPU
		{6A4A787B-794C-4949-9E5B-AAF0788F0BA3}.Debug|Any CPU.Build.0 = Debug|Any CPU
		{6A4A787B-794C-4949-9E5B-AAF0788F0BA3}.Release|Any CPU.ActiveCfg = Release|Any CPU
		{6A4A787B-794C-4949-9E5B-AAF0788F0BA3}.Release|Any CPU.Build.0 = Release|Any CPU
		{C1AAFE55-5051-4DF9-9406-CFDA7DDD3354}.Debug|Any CPU.ActiveCfg = Debug|Any CPU
		{C1AAFE55-5051-4DF9-9406-CFDA7DDD3354}.Debug|Any CPU.Build.0 = Debug|Any CPU
		{C1AAFE55-5051-4DF9-9406-CFDA7DDD3354}.Release|Any CPU.ActiveCfg = Release|Any CPU
		{C1AAFE55-5051-4DF9-9406-CFDA7DDD3354}.Release|Any CPU.Build.0 = Release|Any CPU
	EndGlobalSection
	GlobalSection(SolutionProperties) = preSolution
		HideSolutionNode = FALSE
	EndGlobalSection
	GlobalSection(ExtensibilityGlobals) = postSolution
		SolutionGuid = {9B8F52DB-12EA-4912-B6CD-FE87FF85F1D3}
	EndGlobalSection
EndGlobal
