
Microsoft Visual Studio Solution File, Format Version 12.00
# Visual Studio 14
VisualStudioVersion = 14.0.25420.1
MinimumVisualStudioVersion = 10.0.40219.1
Project("{FAE04EC0-301F-11D3-BF4B-00C04F79EFBC}") = "RabbitMQSend", "RabbitMQSend\RabbitMQSend.csproj", "{5D199F0B-3D75-4A9A-B665-EA69CC5FE6ED}"
EndProject
Global
	GlobalSection(SolutionConfigurationPlatforms) = preSolution
		Debug|Any CPU = Debug|Any CPU
		Release|Any CPU = Release|Any CPU
	EndGlobalSection
	GlobalSection(ProjectConfigurationPlatforms) = postSolution
		{5D199F0B-3D75-4A9A-B665-EA69CC5FE6ED}.Debug|Any CPU.ActiveCfg = Debug|Any CPU
		{5D199F0B-3D75-4A9A-B665-EA69CC5FE6ED}.Debug|Any CPU.Build.0 = Debug|Any CPU
		{5D199F0B-3D75-4A9A-B665-EA69CC5FE6ED}.Release|Any CPU.ActiveCfg = Release|Any CPU
		{5D199F0B-3D75-4A9A-B665-EA69CC5FE6ED}.Release|Any CPU.Build.0 = Release|Any CPU
	EndGlobalSection
	GlobalSection(SolutionProperties) = preSolution
		HideSolutionNode = FALSE
	EndGlobalSection
EndGlobal
