
Microsoft Visual Studio Solution File, Format Version 12.00
# Visual Studio 15
VisualStudioVersion = 15.0.27703.2018
MinimumVisualStudioVersion = 10.0.40219.1
Project("{FAE04EC0-301F-11D3-BF4B-00C04F79EFBC}") = "TabbedPageExample.Android", "TabbedPageExample\TabbedPageExample.Android\TabbedPageExample.Android.csproj", "{D51B277D-FCA1-4EBE-B94D-3DACBE85356D}"
EndProject
Project("{FAE04EC0-301F-11D3-BF4B-00C04F79EFBC}") = "TabbedPageExample.iOS", "TabbedPageExample\TabbedPageExample.iOS\TabbedPageExample.iOS.csproj", "{C0BD42BB-5F3D-4187-A077-C8012DF293DE}"
EndProject
Project("{FAE04EC0-301F-11D3-BF4B-00C04F79EFBC}") = "TabbedPageExample.UWP", "TabbedPageExample\TabbedPageExample.UWP\TabbedPageExample.UWP.csproj", "{DA7FBD1B-C64F-4927-B58C-1AB70B660789}"
EndProject
Project("{FAE04EC0-301F-11D3-BF4B-00C04F79EFBC}") = "TabbedPageExample", "TabbedPageExample\TabbedPageExample\TabbedPageExample.csproj", "{F23AC793-82C4-41C6-AA69-964586407251}"
EndProject
Global
	GlobalSection(SolutionConfigurationPlatforms) = preSolution
		Ad-Hoc|Any CPU = Ad-Hoc|Any CPU
		Ad-Hoc|ARM = Ad-Hoc|ARM
		Ad-Hoc|iPhone = Ad-Hoc|iPhone
		Ad-Hoc|iPhoneSimulator = Ad-Hoc|iPhoneSimulator
		Ad-Hoc|x64 = Ad-Hoc|x64
		Ad-Hoc|x86 = Ad-Hoc|x86
		AppStore|Any CPU = AppStore|Any CPU
		AppStore|ARM = AppStore|ARM
		AppStore|iPhone = AppStore|iPhone
		AppStore|iPhoneSimulator = AppStore|iPhoneSimulator
		AppStore|x64 = AppStore|x64
		AppStore|x86 = AppStore|x86
		Debug|Any CPU = Debug|Any CPU
		Debug|ARM = Debug|ARM
		Debug|iPhone = Debug|iPhone
		Debug|iPhoneSimulator = Debug|iPhoneSimulator
		Debug|x64 = Debug|x64
		Debug|x86 = Debug|x86
		Release|Any CPU = Release|Any CPU
		Release|ARM = Release|ARM
		Release|iPhone = Release|iPhone
		Release|iPhoneSimulator = Release|iPhoneSimulator
		Release|x64 = Release|x64
		Release|x86 = Release|x86
	EndGlobalSection
	GlobalSection(ProjectConfigurationPlatforms) = postSolution
		{D51B277D-FCA1-4EBE-B94D-3DACBE85356D}.Ad-Hoc|Any CPU.ActiveCfg = Release|Any CPU
		{D51B277D-FCA1-4EBE-B94D-3DACBE85356D}.Ad-Hoc|Any CPU.Build.0 = Release|Any CPU
		{D51B277D-FCA1-4EBE-B94D-3DACBE85356D}.Ad-Hoc|Any CPU.Deploy.0 = Release|Any CPU
		{D51B277D-FCA1-4EBE-B94D-3DACBE85356D}.Ad-Hoc|ARM.ActiveCfg = Release|Any CPU
		{D51B277D-FCA1-4EBE-B94D-3DACBE85356D}.Ad-Hoc|ARM.Build.0 = Release|Any CPU
		{D51B277D-FCA1-4EBE-B94D-3DACBE85356D}.Ad-Hoc|ARM.Deploy.0 = Release|Any CPU
		{D51B277D-FCA1-4EBE-B94D-3DACBE85356D}.Ad-Hoc|iPhone.ActiveCfg = Release|Any CPU
		{D51B277D-FCA1-4EBE-B94D-3DACBE85356D}.Ad-Hoc|iPhone.Build.0 = Release|Any CPU
		{D51B277D-FCA1-4EBE-B94D-3DACBE85356D}.Ad-Hoc|iPhone.Deploy.0 = Release|Any CPU
		{D51B277D-FCA1-4EBE-B94D-3DACBE85356D}.Ad-Hoc|iPhoneSimulator.ActiveCfg = Release|Any CPU
		{D51B277D-FCA1-4EBE-B94D-3DACBE85356D}.Ad-Hoc|iPhoneSimulator.Build.0 = Release|Any CPU
		{D51B277D-FCA1-4EBE-B94D-3DACBE85356D}.Ad-Hoc|iPhoneSimulator.Deploy.0 = Release|Any CPU
		{D51B277D-FCA1-4EBE-B94D-3DACBE85356D}.Ad-Hoc|x64.ActiveCfg = Release|Any CPU
		{D51B277D-FCA1-4EBE-B94D-3DACBE85356D}.Ad-Hoc|x64.Build.0 = Release|Any CPU
		{D51B277D-FCA1-4EBE-B94D-3DACBE85356D}.Ad-Hoc|x64.Deploy.0 = Release|Any CPU
		{D51B277D-FCA1-4EBE-B94D-3DACBE85356D}.Ad-Hoc|x86.ActiveCfg = Release|Any CPU
		{D51B277D-FCA1-4EBE-B94D-3DACBE85356D}.Ad-Hoc|x86.Build.0 = Release|Any CPU
		{D51B277D-FCA1-4EBE-B94D-3DACBE85356D}.Ad-Hoc|x86.Deploy.0 = Release|Any CPU
		{D51B277D-FCA1-4EBE-B94D-3DACBE85356D}.AppStore|Any CPU.ActiveCfg = Release|Any CPU
		{D51B277D-FCA1-4EBE-B94D-3DACBE85356D}.AppStore|Any CPU.Build.0 = Release|Any CPU
		{D51B277D-FCA1-4EBE-B94D-3DACBE85356D}.AppStore|Any CPU.Deploy.0 = Release|Any CPU
		{D51B277D-FCA1-4EBE-B94D-3DACBE85356D}.AppStore|ARM.ActiveCfg = Release|Any CPU
		{D51B277D-FCA1-4EBE-B94D-3DACBE85356D}.AppStore|ARM.Build.0 = Release|Any CPU
		{D51B277D-FCA1-4EBE-B94D-3DACBE85356D}.AppStore|ARM.Deploy.0 = Release|Any CPU
		{D51B277D-FCA1-4EBE-B94D-3DACBE85356D}.AppStore|iPhone.ActiveCfg = Release|Any CPU
		{D51B277D-FCA1-4EBE-B94D-3DACBE85356D}.AppStore|iPhone.Build.0 = Release|Any CPU
		{D51B277D-FCA1-4EBE-B94D-3DACBE85356D}.AppStore|iPhone.Deploy.0 = Release|Any CPU
		{D51B277D-FCA1-4EBE-B94D-3DACBE85356D}.AppStore|iPhoneSimulator.ActiveCfg = Release|Any CPU
		{D51B277D-FCA1-4EBE-B94D-3DACBE85356D}.AppStore|iPhoneSimulator.Build.0 = Release|Any CPU
		{D51B277D-FCA1-4EBE-B94D-3DACBE85356D}.AppStore|iPhoneSimulator.Deploy.0 = Release|Any CPU
		{D51B277D-FCA1-4EBE-B94D-3DACBE85356D}.AppStore|x64.ActiveCfg = Release|Any CPU
		{D51B277D-FCA1-4EBE-B94D-3DACBE85356D}.AppStore|x64.Build.0 = Release|Any CPU
		{D51B277D-FCA1-4EBE-B94D-3DACBE85356D}.AppStore|x64.Deploy.0 = Release|Any CPU
		{D51B277D-FCA1-4EBE-B94D-3DACBE85356D}.AppStore|x86.ActiveCfg = Release|Any CPU
		{D51B277D-FCA1-4EBE-B94D-3DACBE85356D}.AppStore|x86.Build.0 = Release|Any CPU
		{D51B277D-FCA1-4EBE-B94D-3DACBE85356D}.AppStore|x86.Deploy.0 = Release|Any CPU
		{D51B277D-FCA1-4EBE-B94D-3DACBE85356D}.Debug|Any CPU.ActiveCfg = Debug|Any CPU
		{D51B277D-FCA1-4EBE-B94D-3DACBE85356D}.Debug|Any CPU.Build.0 = Debug|Any CPU
		{D51B277D-FCA1-4EBE-B94D-3DACBE85356D}.Debug|Any CPU.Deploy.0 = Debug|Any CPU
		{D51B277D-FCA1-4EBE-B94D-3DACBE85356D}.Debug|ARM.ActiveCfg = Debug|Any CPU
		{D51B277D-FCA1-4EBE-B94D-3DACBE85356D}.Debug|ARM.Build.0 = Debug|Any CPU
		{D51B277D-FCA1-4EBE-B94D-3DACBE85356D}.Debug|ARM.Deploy.0 = Debug|Any CPU
		{D51B277D-FCA1-4EBE-B94D-3DACBE85356D}.Debug|iPhone.ActiveCfg = Debug|Any CPU
		{D51B277D-FCA1-4EBE-B94D-3DACBE85356D}.Debug|iPhone.Build.0 = Debug|Any CPU
		{D51B277D-FCA1-4EBE-B94D-3DACBE85356D}.Debug|iPhone.Deploy.0 = Debug|Any CPU
		{D51B277D-FCA1-4EBE-B94D-3DACBE85356D}.Debug|iPhoneSimulator.ActiveCfg = Debug|Any CPU
		{D51B277D-FCA1-4EBE-B94D-3DACBE85356D}.Debug|iPhoneSimulator.Build.0 = Debug|Any CPU
		{D51B277D-FCA1-4EBE-B94D-3DACBE85356D}.Debug|iPhoneSimulator.Deploy.0 = Debug|Any CPU
		{D51B277D-FCA1-4EBE-B94D-3DACBE85356D}.Debug|x64.ActiveCfg = Debug|Any CPU
		{D51B277D-FCA1-4EBE-B94D-3DACBE85356D}.Debug|x64.Build.0 = Debug|Any CPU
		{D51B277D-FCA1-4EBE-B94D-3DACBE85356D}.Debug|x64.Deploy.0 = Debug|Any CPU
		{D51B277D-FCA1-4EBE-B94D-3DACBE85356D}.Debug|x86.ActiveCfg = Debug|Any CPU
		{D51B277D-FCA1-4EBE-B94D-3DACBE85356D}.Debug|x86.Build.0 = Debug|Any CPU
		{D51B277D-FCA1-4EBE-B94D-3DACBE85356D}.Debug|x86.Deploy.0 = Debug|Any CPU
		{D51B277D-FCA1-4EBE-B94D-3DACBE85356D}.Release|Any CPU.ActiveCfg = Release|Any CPU
		{D51B277D-FCA1-4EBE-B94D-3DACBE85356D}.Release|Any CPU.Build.0 = Release|Any CPU
		{D51B277D-FCA1-4EBE-B94D-3DACBE85356D}.Release|Any CPU.Deploy.0 = Release|Any CPU
		{D51B277D-FCA1-4EBE-B94D-3DACBE85356D}.Release|ARM.ActiveCfg = Release|Any CPU
		{D51B277D-FCA1-4EBE-B94D-3DACBE85356D}.Release|ARM.Build.0 = Release|Any CPU
		{D51B277D-FCA1-4EBE-B94D-3DACBE85356D}.Release|ARM.Deploy.0 = Release|Any CPU
		{D51B277D-FCA1-4EBE-B94D-3DACBE85356D}.Release|iPhone.ActiveCfg = Release|Any CPU
		{D51B277D-FCA1-4EBE-B94D-3DACBE85356D}.Release|iPhone.Build.0 = Release|Any CPU
		{D51B277D-FCA1-4EBE-B94D-3DACBE85356D}.Release|iPhone.Deploy.0 = Release|Any CPU
		{D51B277D-FCA1-4EBE-B94D-3DACBE85356D}.Release|iPhoneSimulator.ActiveCfg = Release|Any CPU
		{D51B277D-FCA1-4EBE-B94D-3DACBE85356D}.Release|iPhoneSimulator.Build.0 = Release|Any CPU
		{D51B277D-FCA1-4EBE-B94D-3DACBE85356D}.Release|iPhoneSimulator.Deploy.0 = Release|Any CPU
		{D51B277D-FCA1-4EBE-B94D-3DACBE85356D}.Release|x64.ActiveCfg = Release|Any CPU
		{D51B277D-FCA1-4EBE-B94D-3DACBE85356D}.Release|x64.Build.0 = Release|Any CPU
		{D51B277D-FCA1-4EBE-B94D-3DACBE85356D}.Release|x64.Deploy.0 = Release|Any CPU
		{D51B277D-FCA1-4EBE-B94D-3DACBE85356D}.Release|x86.ActiveCfg = Release|Any CPU
		{D51B277D-FCA1-4EBE-B94D-3DACBE85356D}.Release|x86.Build.0 = Release|Any CPU
		{D51B277D-FCA1-4EBE-B94D-3DACBE85356D}.Release|x86.Deploy.0 = Release|Any CPU
		{C0BD42BB-5F3D-4187-A077-C8012DF293DE}.Ad-Hoc|Any CPU.ActiveCfg = Ad-Hoc|iPhone
		{C0BD42BB-5F3D-4187-A077-C8012DF293DE}.Ad-Hoc|Any CPU.Build.0 = Ad-Hoc|iPhone
		{C0BD42BB-5F3D-4187-A077-C8012DF293DE}.Ad-Hoc|Any CPU.Deploy.0 = Ad-Hoc|iPhone
		{C0BD42BB-5F3D-4187-A077-C8012DF293DE}.Ad-Hoc|ARM.ActiveCfg = Ad-Hoc|iPhone
		{C0BD42BB-5F3D-4187-A077-C8012DF293DE}.Ad-Hoc|ARM.Build.0 = Ad-Hoc|iPhone
		{C0BD42BB-5F3D-4187-A077-C8012DF293DE}.Ad-Hoc|ARM.Deploy.0 = Ad-Hoc|iPhone
		{C0BD42BB-5F3D-4187-A077-C8012DF293DE}.Ad-Hoc|iPhone.ActiveCfg = Ad-Hoc|iPhone
		{C0BD42BB-5F3D-4187-A077-C8012DF293DE}.Ad-Hoc|iPhone.Build.0 = Ad-Hoc|iPhone
		{C0BD42BB-5F3D-4187-A077-C8012DF293DE}.Ad-Hoc|iPhone.Deploy.0 = Ad-Hoc|iPhone
		{C0BD42BB-5F3D-4187-A077-C8012DF293DE}.Ad-Hoc|iPhoneSimulator.ActiveCfg = Ad-Hoc|iPhoneSimulator
		{C0BD42BB-5F3D-4187-A077-C8012DF293DE}.Ad-Hoc|iPhoneSimulator.Build.0 = Ad-Hoc|iPhoneSimulator
		{C0BD42BB-5F3D-4187-A077-C8012DF293DE}.Ad-Hoc|iPhoneSimulator.Deploy.0 = Ad-Hoc|iPhoneSimulator
		{C0BD42BB-5F3D-4187-A077-C8012DF293DE}.Ad-Hoc|x64.ActiveCfg = Ad-Hoc|iPhone
		{C0BD42BB-5F3D-4187-A077-C8012DF293DE}.Ad-Hoc|x64.Build.0 = Ad-Hoc|iPhone
		{C0BD42BB-5F3D-4187-A077-C8012DF293DE}.Ad-Hoc|x64.Deploy.0 = Ad-Hoc|iPhone
		{C0BD42BB-5F3D-4187-A077-C8012DF293DE}.Ad-Hoc|x86.ActiveCfg = Ad-Hoc|iPhone
		{C0BD42BB-5F3D-4187-A077-C8012DF293DE}.Ad-Hoc|x86.Build.0 = Ad-Hoc|iPhone
		{C0BD42BB-5F3D-4187-A077-C8012DF293DE}.Ad-Hoc|x86.Deploy.0 = Ad-Hoc|iPhone
		{C0BD42BB-5F3D-4187-A077-C8012DF293DE}.AppStore|Any CPU.ActiveCfg = AppStore|iPhone
		{C0BD42BB-5F3D-4187-A077-C8012DF293DE}.AppStore|Any CPU.Build.0 = AppStore|iPhone
		{C0BD42BB-5F3D-4187-A077-C8012DF293DE}.AppStore|Any CPU.Deploy.0 = AppStore|iPhone
		{C0BD42BB-5F3D-4187-A077-C8012DF293DE}.AppStore|ARM.ActiveCfg = AppStore|iPhone
		{C0BD42BB-5F3D-4187-A077-C8012DF293DE}.AppStore|ARM.Build.0 = AppStore|iPhone
		{C0BD42BB-5F3D-4187-A077-C8012DF293DE}.AppStore|ARM.Deploy.0 = AppStore|iPhone
		{C0BD42BB-5F3D-4187-A077-C8012DF293DE}.AppStore|iPhone.ActiveCfg = AppStore|iPhone
		{C0BD42BB-5F3D-4187-A077-C8012DF293DE}.AppStore|iPhone.Build.0 = AppStore|iPhone
		{C0BD42BB-5F3D-4187-A077-C8012DF293DE}.AppStore|iPhone.Deploy.0 = AppStore|iPhone
		{C0BD42BB-5F3D-4187-A077-C8012DF293DE}.AppStore|iPhoneSimulator.ActiveCfg = AppStore|iPhoneSimulator
		{C0BD42BB-5F3D-4187-A077-C8012DF293DE}.AppStore|iPhoneSimulator.Build.0 = AppStore|iPhoneSimulator
		{C0BD42BB-5F3D-4187-A077-C8012DF293DE}.AppStore|iPhoneSimulator.Deploy.0 = AppStore|iPhoneSimulator
		{C0BD42BB-5F3D-4187-A077-C8012DF293DE}.AppStore|x64.ActiveCfg = AppStore|iPhone
		{C0BD42BB-5F3D-4187-A077-C8012DF293DE}.AppStore|x64.Build.0 = AppStore|iPhone
		{C0BD42BB-5F3D-4187-A077-C8012DF293DE}.AppStore|x64.Deploy.0 = AppStore|iPhone
		{C0BD42BB-5F3D-4187-A077-C8012DF293DE}.AppStore|x86.ActiveCfg = AppStore|iPhone
		{C0BD42BB-5F3D-4187-A077-C8012DF293DE}.AppStore|x86.Build.0 = AppStore|iPhone
		{C0BD42BB-5F3D-4187-A077-C8012DF293DE}.AppStore|x86.Deploy.0 = AppStore|iPhone
		{C0BD42BB-5F3D-4187-A077-C8012DF293DE}.Debug|Any CPU.ActiveCfg = Debug|iPhoneSimulator
		{C0BD42BB-5F3D-4187-A077-C8012DF293DE}.Debug|Any CPU.Build.0 = Debug|iPhoneSimulator
		{C0BD42BB-5F3D-4187-A077-C8012DF293DE}.Debug|Any CPU.Deploy.0 = Debug|iPhoneSimulator
		{C0BD42BB-5F3D-4187-A077-C8012DF293DE}.Debug|ARM.ActiveCfg = Debug|iPhone
		{C0BD42BB-5F3D-4187-A077-C8012DF293DE}.Debug|ARM.Build.0 = Debug|iPhone
		{C0BD42BB-5F3D-4187-A077-C8012DF293DE}.Debug|ARM.Deploy.0 = Debug|iPhone
		{C0BD42BB-5F3D-4187-A077-C8012DF293DE}.Debug|iPhone.ActiveCfg = Debug|iPhone
		{C0BD42BB-5F3D-4187-A077-C8012DF293DE}.Debug|iPhone.Build.0 = Debug|iPhone
		{C0BD42BB-5F3D-4187-A077-C8012DF293DE}.Debug|iPhone.Deploy.0 = Debug|iPhone
		{C0BD42BB-5F3D-4187-A077-C8012DF293DE}.Debug|iPhoneSimulator.ActiveCfg = Debug|iPhoneSimulator
		{C0BD42BB-5F3D-4187-A077-C8012DF293DE}.Debug|iPhoneSimulator.Build.0 = Debug|iPhoneSimulator
		{C0BD42BB-5F3D-4187-A077-C8012DF293DE}.Debug|iPhoneSimulator.Deploy.0 = Debug|iPhoneSimulator
		{C0BD42BB-5F3D-4187-A077-C8012DF293DE}.Debug|x64.ActiveCfg = Debug|iPhone
		{C0BD42BB-5F3D-4187-A077-C8012DF293DE}.Debug|x64.Build.0 = Debug|iPhone
		{C0BD42BB-5F3D-4187-A077-C8012DF293DE}.Debug|x64.Deploy.0 = Debug|iPhone
		{C0BD42BB-5F3D-4187-A077-C8012DF293DE}.Debug|x86.ActiveCfg = Debug|iPhone
		{C0BD42BB-5F3D-4187-A077-C8012DF293DE}.Debug|x86.Build.0 = Debug|iPhone
		{C0BD42BB-5F3D-4187-A077-C8012DF293DE}.Debug|x86.Deploy.0 = Debug|iPhone
		{C0BD42BB-5F3D-4187-A077-C8012DF293DE}.Release|Any CPU.ActiveCfg = Release|iPhone
		{C0BD42BB-5F3D-4187-A077-C8012DF293DE}.Release|Any CPU.Build.0 = Release|iPhone
		{C0BD42BB-5F3D-4187-A077-C8012DF293DE}.Release|Any CPU.Deploy.0 = Release|iPhone
		{C0BD42BB-5F3D-4187-A077-C8012DF293DE}.Release|ARM.ActiveCfg = Release|iPhone
		{C0BD42BB-5F3D-4187-A077-C8012DF293DE}.Release|ARM.Build.0 = Release|iPhone
		{C0BD42BB-5F3D-4187-A077-C8012DF293DE}.Release|ARM.Deploy.0 = Release|iPhone
		{C0BD42BB-5F3D-4187-A077-C8012DF293DE}.Release|iPhone.ActiveCfg = Release|iPhone
		{C0BD42BB-5F3D-4187-A077-C8012DF293DE}.Release|iPhone.Build.0 = Release|iPhone
		{C0BD42BB-5F3D-4187-A077-C8012DF293DE}.Release|iPhone.Deploy.0 = Release|iPhone
		{C0BD42BB-5F3D-4187-A077-C8012DF293DE}.Release|iPhoneSimulator.ActiveCfg = Release|iPhoneSimulator
		{C0BD42BB-5F3D-4187-A077-C8012DF293DE}.Release|iPhoneSimulator.Build.0 = Release|iPhoneSimulator
		{C0BD42BB-5F3D-4187-A077-C8012DF293DE}.Release|iPhoneSimulator.Deploy.0 = Release|iPhoneSimulator
		{C0BD42BB-5F3D-4187-A077-C8012DF293DE}.Release|x64.ActiveCfg = Release|iPhone
		{C0BD42BB-5F3D-4187-A077-C8012DF293DE}.Release|x64.Build.0 = Release|iPhone
		{C0BD42BB-5F3D-4187-A077-C8012DF293DE}.Release|x64.Deploy.0 = Release|iPhone
		{C0BD42BB-5F3D-4187-A077-C8012DF293DE}.Release|x86.ActiveCfg = Release|iPhone
		{C0BD42BB-5F3D-4187-A077-C8012DF293DE}.Release|x86.Build.0 = Release|iPhone
		{C0BD42BB-5F3D-4187-A077-C8012DF293DE}.Release|x86.Deploy.0 = Release|iPhone
		{DA7FBD1B-C64F-4927-B58C-1AB70B660789}.Ad-Hoc|Any CPU.ActiveCfg = Release|x86
		{DA7FBD1B-C64F-4927-B58C-1AB70B660789}.Ad-Hoc|Any CPU.Build.0 = Release|x86
		{DA7FBD1B-C64F-4927-B58C-1AB70B660789}.Ad-Hoc|Any CPU.Deploy.0 = Release|x86
		{DA7FBD1B-C64F-4927-B58C-1AB70B660789}.Ad-Hoc|ARM.ActiveCfg = Release|ARM
		{DA7FBD1B-C64F-4927-B58C-1AB70B660789}.Ad-Hoc|ARM.Build.0 = Release|ARM
		{DA7FBD1B-C64F-4927-B58C-1AB70B660789}.Ad-Hoc|ARM.Deploy.0 = Release|ARM
		{DA7FBD1B-C64F-4927-B58C-1AB70B660789}.Ad-Hoc|iPhone.ActiveCfg = Release|x86
		{DA7FBD1B-C64F-4927-B58C-1AB70B660789}.Ad-Hoc|iPhone.Build.0 = Release|x86
		{DA7FBD1B-C64F-4927-B58C-1AB70B660789}.Ad-Hoc|iPhone.Deploy.0 = Release|x86
		{DA7FBD1B-C64F-4927-B58C-1AB70B660789}.Ad-Hoc|iPhoneSimulator.ActiveCfg = Release|x86
		{DA7FBD1B-C64F-4927-B58C-1AB70B660789}.Ad-Hoc|iPhoneSimulator.Build.0 = Release|x86
		{DA7FBD1B-C64F-4927-B58C-1AB70B660789}.Ad-Hoc|iPhoneSimulator.Deploy.0 = Release|x86
		{DA7FBD1B-C64F-4927-B58C-1AB70B660789}.Ad-Hoc|x64.ActiveCfg = Release|x64
		{DA7FBD1B-C64F-4927-B58C-1AB70B660789}.Ad-Hoc|x64.Build.0 = Release|x64
		{DA7FBD1B-C64F-4927-B58C-1AB70B660789}.Ad-Hoc|x64.Deploy.0 = Release|x64
		{DA7FBD1B-C64F-4927-B58C-1AB70B660789}.Ad-Hoc|x86.ActiveCfg = Release|x86
		{DA7FBD1B-C64F-4927-B58C-1AB70B660789}.Ad-Hoc|x86.Build.0 = Release|x86
		{DA7FBD1B-C64F-4927-B58C-1AB70B660789}.Ad-Hoc|x86.Deploy.0 = Release|x86
		{DA7FBD1B-C64F-4927-B58C-1AB70B660789}.AppStore|Any CPU.ActiveCfg = Release|x86
		{DA7FBD1B-C64F-4927-B58C-1AB70B660789}.AppStore|Any CPU.Build.0 = Release|x86
		{DA7FBD1B-C64F-4927-B58C-1AB70B660789}.AppStore|Any CPU.Deploy.0 = Release|x86
		{DA7FBD1B-C64F-4927-B58C-1AB70B660789}.AppStore|ARM.ActiveCfg = Release|ARM
		{DA7FBD1B-C64F-4927-B58C-1AB70B660789}.AppStore|ARM.Build.0 = Release|ARM
		{DA7FBD1B-C64F-4927-B58C-1AB70B660789}.AppStore|ARM.Deploy.0 = Release|ARM
		{DA7FBD1B-C64F-4927-B58C-1AB70B660789}.AppStore|iPhone.ActiveCfg = Release|x86
		{DA7FBD1B-C64F-4927-B58C-1AB70B660789}.AppStore|iPhone.Build.0 = Release|x86
		{DA7FBD1B-C64F-4927-B58C-1AB70B660789}.AppStore|iPhone.Deploy.0 = Release|x86
		{DA7FBD1B-C64F-4927-B58C-1AB70B660789}.AppStore|iPhoneSimulator.ActiveCfg = Release|x86
		{DA7FBD1B-C64F-4927-B58C-1AB70B660789}.AppStore|iPhoneSimulator.Build.0 = Release|x86
		{DA7FBD1B-C64F-4927-B58C-1AB70B660789}.AppStore|iPhoneSimulator.Deploy.0 = Release|x86
		{DA7FBD1B-C64F-4927-B58C-1AB70B660789}.AppStore|x64.ActiveCfg = Release|x64
		{DA7FBD1B-C64F-4927-B58C-1AB70B660789}.AppStore|x64.Build.0 = Release|x64
		{DA7FBD1B-C64F-4927-B58C-1AB70B660789}.AppStore|x64.Deploy.0 = Release|x64
		{DA7FBD1B-C64F-4927-B58C-1AB70B660789}.AppStore|x86.ActiveCfg = Release|x86
		{DA7FBD1B-C64F-4927-B58C-1AB70B660789}.AppStore|x86.Build.0 = Release|x86
		{DA7FBD1B-C64F-4927-B58C-1AB70B660789}.AppStore|x86.Deploy.0 = Release|x86
		{DA7FBD1B-C64F-4927-B58C-1AB70B660789}.Debug|Any CPU.ActiveCfg = Debug|x86
		{DA7FBD1B-C64F-4927-B58C-1AB70B660789}.Debug|Any CPU.Build.0 = Debug|x86
		{DA7FBD1B-C64F-4927-B58C-1AB70B660789}.Debug|Any CPU.Deploy.0 = Debug|x86
		{DA7FBD1B-C64F-4927-B58C-1AB70B660789}.Debug|ARM.ActiveCfg = Debug|ARM
		{DA7FBD1B-C64F-4927-B58C-1AB70B660789}.Debug|ARM.Build.0 = Debug|ARM
		{DA7FBD1B-C64F-4927-B58C-1AB70B660789}.Debug|ARM.Deploy.0 = Debug|ARM
		{DA7FBD1B-C64F-4927-B58C-1AB70B660789}.Debug|iPhone.ActiveCfg = Debug|x86
		{DA7FBD1B-C64F-4927-B58C-1AB70B660789}.Debug|iPhone.Build.0 = Debug|x86
		{DA7FBD1B-C64F-4927-B58C-1AB70B660789}.Debug|iPhone.Deploy.0 = Debug|x86
		{DA7FBD1B-C64F-4927-B58C-1AB70B660789}.Debug|iPhoneSimulator.ActiveCfg = Debug|x86
		{DA7FBD1B-C64F-4927-B58C-1AB70B660789}.Debug|iPhoneSimulator.Build.0 = Debug|x86
		{DA7FBD1B-C64F-4927-B58C-1AB70B660789}.Debug|iPhoneSimulator.Deploy.0 = Debug|x86
		{DA7FBD1B-C64F-4927-B58C-1AB70B660789}.Debug|x64.ActiveCfg = Debug|x64
		{DA7FBD1B-C64F-4927-B58C-1AB70B660789}.Debug|x64.Build.0 = Debug|x64
		{DA7FBD1B-C64F-4927-B58C-1AB70B660789}.Debug|x64.Deploy.0 = Debug|x64
		{DA7FBD1B-C64F-4927-B58C-1AB70B660789}.Debug|x86.ActiveCfg = Debug|x86
		{DA7FBD1B-C64F-4927-B58C-1AB70B660789}.Debug|x86.Build.0 = Debug|x86
		{DA7FBD1B-C64F-4927-B58C-1AB70B660789}.Debug|x86.Deploy.0 = Debug|x86
		{DA7FBD1B-C64F-4927-B58C-1AB70B660789}.Release|Any CPU.ActiveCfg = Release|x86
		{DA7FBD1B-C64F-4927-B58C-1AB70B660789}.Release|Any CPU.Build.0 = Release|x86
		{DA7FBD1B-C64F-4927-B58C-1AB70B660789}.Release|Any CPU.Deploy.0 = Release|x86
		{DA7FBD1B-C64F-4927-B58C-1AB70B660789}.Release|ARM.ActiveCfg = Release|ARM
		{DA7FBD1B-C64F-4927-B58C-1AB70B660789}.Release|ARM.Build.0 = Release|ARM
		{DA7FBD1B-C64F-4927-B58C-1AB70B660789}.Release|ARM.Deploy.0 = Release|ARM
		{DA7FBD1B-C64F-4927-B58C-1AB70B660789}.Release|iPhone.ActiveCfg = Release|x86
		{DA7FBD1B-C64F-4927-B58C-1AB70B660789}.Release|iPhone.Build.0 = Release|x86
		{DA7FBD1B-C64F-4927-B58C-1AB70B660789}.Release|iPhone.Deploy.0 = Release|x86
		{DA7FBD1B-C64F-4927-B58C-1AB70B660789}.Release|iPhoneSimulator.ActiveCfg = Release|x86
		{DA7FBD1B-C64F-4927-B58C-1AB70B660789}.Release|iPhoneSimulator.Build.0 = Release|x86
		{DA7FBD1B-C64F-4927-B58C-1AB70B660789}.Release|iPhoneSimulator.Deploy.0 = Release|x86
		{DA7FBD1B-C64F-4927-B58C-1AB70B660789}.Release|x64.ActiveCfg = Release|x64
		{DA7FBD1B-C64F-4927-B58C-1AB70B660789}.Release|x64.Build.0 = Release|x64
		{DA7FBD1B-C64F-4927-B58C-1AB70B660789}.Release|x64.Deploy.0 = Release|x64
		{DA7FBD1B-C64F-4927-B58C-1AB70B660789}.Release|x86.ActiveCfg = Release|x86
		{DA7FBD1B-C64F-4927-B58C-1AB70B660789}.Release|x86.Build.0 = Release|x86
		{DA7FBD1B-C64F-4927-B58C-1AB70B660789}.Release|x86.Deploy.0 = Release|x86
		{F23AC793-82C4-41C6-AA69-964586407251}.Ad-Hoc|Any CPU.ActiveCfg = Debug|Any CPU
		{F23AC793-82C4-41C6-AA69-964586407251}.Ad-Hoc|Any CPU.Build.0 = Debug|Any CPU
		{F23AC793-82C4-41C6-AA69-964586407251}.Ad-Hoc|Any CPU.Deploy.0 = Debug|Any CPU
		{F23AC793-82C4-41C6-AA69-964586407251}.Ad-Hoc|ARM.ActiveCfg = Debug|Any CPU
		{F23AC793-82C4-41C6-AA69-964586407251}.Ad-Hoc|ARM.Build.0 = Debug|Any CPU
		{F23AC793-82C4-41C6-AA69-964586407251}.Ad-Hoc|ARM.Deploy.0 = Debug|Any CPU
		{F23AC793-82C4-41C6-AA69-964586407251}.Ad-Hoc|iPhone.ActiveCfg = Debug|Any CPU
		{F23AC793-82C4-41C6-AA69-964586407251}.Ad-Hoc|iPhone.Build.0 = Debug|Any CPU
		{F23AC793-82C4-41C6-AA69-964586407251}.Ad-Hoc|iPhone.Deploy.0 = Debug|Any CPU
		{F23AC793-82C4-41C6-AA69-964586407251}.Ad-Hoc|iPhoneSimulator.ActiveCfg = Debug|Any CPU
		{F23AC793-82C4-41C6-AA69-964586407251}.Ad-Hoc|iPhoneSimulator.Build.0 = Debug|Any CPU
		{F23AC793-82C4-41C6-AA69-964586407251}.Ad-Hoc|iPhoneSimulator.Deploy.0 = Debug|Any CPU
		{F23AC793-82C4-41C6-AA69-964586407251}.Ad-Hoc|x64.ActiveCfg = Debug|Any CPU
		{F23AC793-82C4-41C6-AA69-964586407251}.Ad-Hoc|x64.Build.0 = Debug|Any CPU
		{F23AC793-82C4-41C6-AA69-964586407251}.Ad-Hoc|x64.Deploy.0 = Debug|Any CPU
		{F23AC793-82C4-41C6-AA69-964586407251}.Ad-Hoc|x86.ActiveCfg = Debug|Any CPU
		{F23AC793-82C4-41C6-AA69-964586407251}.Ad-Hoc|x86.Build.0 = Debug|Any CPU
		{F23AC793-82C4-41C6-AA69-964586407251}.Ad-Hoc|x86.Deploy.0 = Debug|Any CPU
		{F23AC793-82C4-41C6-AA69-964586407251}.AppStore|Any CPU.ActiveCfg = Debug|Any CPU
		{F23AC793-82C4-41C6-AA69-964586407251}.AppStore|Any CPU.Build.0 = Debug|Any CPU
		{F23AC793-82C4-41C6-AA69-964586407251}.AppStore|Any CPU.Deploy.0 = Debug|Any CPU
		{F23AC793-82C4-41C6-AA69-964586407251}.AppStore|ARM.ActiveCfg = Debug|Any CPU
		{F23AC793-82C4-41C6-AA69-964586407251}.AppStore|ARM.Build.0 = Debug|Any CPU
		{F23AC793-82C4-41C6-AA69-964586407251}.AppStore|ARM.Deploy.0 = Debug|Any CPU
		{F23AC793-82C4-41C6-AA69-964586407251}.AppStore|iPhone.ActiveCfg = Debug|Any CPU
		{F23AC793-82C4-41C6-AA69-964586407251}.AppStore|iPhone.Build.0 = Debug|Any CPU
		{F23AC793-82C4-41C6-AA69-964586407251}.AppStore|iPhone.Deploy.0 = Debug|Any CPU
		{F23AC793-82C4-41C6-AA69-964586407251}.AppStore|iPhoneSimulator.ActiveCfg = Debug|Any CPU
		{F23AC793-82C4-41C6-AA69-964586407251}.AppStore|iPhoneSimulator.Build.0 = Debug|Any CPU
		{F23AC793-82C4-41C6-AA69-964586407251}.AppStore|iPhoneSimulator.Deploy.0 = Debug|Any CPU
		{F23AC793-82C4-41C6-AA69-964586407251}.AppStore|x64.ActiveCfg = Debug|Any CPU
		{F23AC793-82C4-41C6-AA69-964586407251}.AppStore|x64.Build.0 = Debug|Any CPU
		{F23AC793-82C4-41C6-AA69-964586407251}.AppStore|x64.Deploy.0 = Debug|Any CPU
		{F23AC793-82C4-41C6-AA69-964586407251}.AppStore|x86.ActiveCfg = Debug|Any CPU
		{F23AC793-82C4-41C6-AA69-964586407251}.AppStore|x86.Build.0 = Debug|Any CPU
		{F23AC793-82C4-41C6-AA69-964586407251}.AppStore|x86.Deploy.0 = Debug|Any CPU
		{F23AC793-82C4-41C6-AA69-964586407251}.Debug|Any CPU.ActiveCfg = Debug|Any CPU
		{F23AC793-82C4-41C6-AA69-964586407251}.Debug|Any CPU.Build.0 = Debug|Any CPU
		{F23AC793-82C4-41C6-AA69-964586407251}.Debug|Any CPU.Deploy.0 = Debug|Any CPU
		{F23AC793-82C4-41C6-AA69-964586407251}.Debug|ARM.ActiveCfg = Debug|Any CPU
		{F23AC793-82C4-41C6-AA69-964586407251}.Debug|ARM.Build.0 = Debug|Any CPU
		{F23AC793-82C4-41C6-AA69-964586407251}.Debug|ARM.Deploy.0 = Debug|Any CPU
		{F23AC793-82C4-41C6-AA69-964586407251}.Debug|iPhone.ActiveCfg = Debug|Any CPU
		{F23AC793-82C4-41C6-AA69-964586407251}.Debug|iPhone.Build.0 = Debug|Any CPU
		{F23AC793-82C4-41C6-AA69-964586407251}.Debug|iPhone.Deploy.0 = Debug|Any CPU
		{F23AC793-82C4-41C6-AA69-964586407251}.Debug|iPhoneSimulator.ActiveCfg = Debug|Any CPU
		{F23AC793-82C4-41C6-AA69-964586407251}.Debug|iPhoneSimulator.Build.0 = Debug|Any CPU
		{F23AC793-82C4-41C6-AA69-964586407251}.Debug|iPhoneSimulator.Deploy.0 = Debug|Any CPU
		{F23AC793-82C4-41C6-AA69-964586407251}.Debug|x64.ActiveCfg = Debug|Any CPU
		{F23AC793-82C4-41C6-AA69-964586407251}.Debug|x64.Build.0 = Debug|Any CPU
		{F23AC793-82C4-41C6-AA69-964586407251}.Debug|x64.Deploy.0 = Debug|Any CPU
		{F23AC793-82C4-41C6-AA69-964586407251}.Debug|x86.ActiveCfg = Debug|Any CPU
		{F23AC793-82C4-41C6-AA69-964586407251}.Debug|x86.Build.0 = Debug|Any CPU
		{F23AC793-82C4-41C6-AA69-964586407251}.Debug|x86.Deploy.0 = Debug|Any CPU
		{F23AC793-82C4-41C6-AA69-964586407251}.Release|Any CPU.ActiveCfg = Release|Any CPU
		{F23AC793-82C4-41C6-AA69-964586407251}.Release|Any CPU.Build.0 = Release|Any CPU
		{F23AC793-82C4-41C6-AA69-964586407251}.Release|Any CPU.Deploy.0 = Release|Any CPU
		{F23AC793-82C4-41C6-AA69-964586407251}.Release|ARM.ActiveCfg = Release|Any CPU
		{F23AC793-82C4-41C6-AA69-964586407251}.Release|ARM.Build.0 = Release|Any CPU
		{F23AC793-82C4-41C6-AA69-964586407251}.Release|ARM.Deploy.0 = Release|Any CPU
		{F23AC793-82C4-41C6-AA69-964586407251}.Release|iPhone.ActiveCfg = Release|Any CPU
		{F23AC793-82C4-41C6-AA69-964586407251}.Release|iPhone.Build.0 = Release|Any CPU
		{F23AC793-82C4-41C6-AA69-964586407251}.Release|iPhone.Deploy.0 = Release|Any CPU
		{F23AC793-82C4-41C6-AA69-964586407251}.Release|iPhoneSimulator.ActiveCfg = Release|Any CPU
		{F23AC793-82C4-41C6-AA69-964586407251}.Release|iPhoneSimulator.Build.0 = Release|Any CPU
		{F23AC793-82C4-41C6-AA69-964586407251}.Release|iPhoneSimulator.Deploy.0 = Release|Any CPU
		{F23AC793-82C4-41C6-AA69-964586407251}.Release|x64.ActiveCfg = Release|Any CPU
		{F23AC793-82C4-41C6-AA69-964586407251}.Release|x64.Build.0 = Release|Any CPU
		{F23AC793-82C4-41C6-AA69-964586407251}.Release|x64.Deploy.0 = Release|Any CPU
		{F23AC793-82C4-41C6-AA69-964586407251}.Release|x86.ActiveCfg = Release|Any CPU
		{F23AC793-82C4-41C6-AA69-964586407251}.Release|x86.Build.0 = Release|Any CPU
		{F23AC793-82C4-41C6-AA69-964586407251}.Release|x86.Deploy.0 = Release|Any CPU
	EndGlobalSection
	GlobalSection(SolutionProperties) = preSolution
		HideSolutionNode = FALSE
	EndGlobalSection
	GlobalSection(ExtensibilityGlobals) = postSolution
		SolutionGuid = {72BE3D06-74D5-404F-A45E-9F1B77D90BFD}
	EndGlobalSection
EndGlobal
