
Microsoft Visual Studio Solution File, Format Version 12.00
# Visual Studio 15
VisualStudioVersion = 15.0.27428.2037
MinimumVisualStudioVersion = 10.0.40219.1
Project("{FAE04EC0-301F-11D3-BF4B-00C04F79EFBC}") = "RemoteServer", "RemoteServer\RemoteServer.csproj", "{1F21D80C-E41D-4D02-A5C3-6375F26B397F}"
EndProject
Project("{FAE04EC0-301F-11D3-BF4B-00C04F79EFBC}") = "RemoteClient", "RemoteClient\RemoteClient.csproj", "{1F516AAB-CA5F-45E2-A5A3-2AB375A7BCBC}"
EndProject
Global
	GlobalSection(SolutionConfigurationPlatforms) = preSolution
		Debug|Any CPU = Debug|Any CPU
		Release|Any CPU = Release|Any CPU
	EndGlobalSection
	GlobalSection(ProjectConfigurationPlatforms) = postSolution
		{1F21D80C-E41D-4D02-A5C3-6375F26B397F}.Debug|Any CPU.ActiveCfg = Debug|Any CPU
		{1F21D80C-E41D-4D02-A5C3-6375F26B397F}.Debug|Any CPU.Build.0 = Debug|Any CPU
		{1F21D80C-E41D-4D02-A5C3-6375F26B397F}.Release|Any CPU.ActiveCfg = Release|Any CPU
		{1F21D80C-E41D-4D02-A5C3-6375F26B397F}.Release|Any CPU.Build.0 = Release|Any CPU
		{1F516AAB-CA5F-45E2-A5A3-2AB375A7BCBC}.Debug|Any CPU.ActiveCfg = Debug|Any CPU
		{1F516AAB-CA5F-45E2-A5A3-2AB375A7BCBC}.Debug|Any CPU.Build.0 = Debug|Any CPU
		{1F516AAB-CA5F-45E2-A5A3-2AB375A7BCBC}.Release|Any CPU.ActiveCfg = Release|Any CPU
		{1F516AAB-CA5F-45E2-A5A3-2AB375A7BCBC}.Release|Any CPU.Build.0 = Release|Any CPU
	EndGlobalSection
	GlobalSection(SolutionProperties) = preSolution
		HideSolutionNode = FALSE
	EndGlobalSection
	GlobalSection(ExtensibilityGlobals) = postSolution
		SolutionGuid = {6554D492-D2D4-4F8B-846F-227BC47B6E83}
	EndGlobalSection
EndGlobal
