
Microsoft Visual Studio Solution File, Format Version 12.00
# Visual Studio 15
VisualStudioVersion = 15.0.27703.2018
MinimumVisualStudioVersion = 10.0.40219.1
Project("{FAE04EC0-301F-11D3-BF4B-00C04F79EFBC}") = "ListViewExamples.Android", "ListViewExamples\ListViewExamples.Android\ListViewExamples.Android.csproj", "{DCEC5B08-C17C-42AF-9C3C-FA107AC37FDA}"
EndProject
Project("{FAE04EC0-301F-11D3-BF4B-00C04F79EFBC}") = "ListViewExamples.iOS", "ListViewExamples\ListViewExamples.iOS\ListViewExamples.iOS.csproj", "{95F94C73-8173-4994-AF69-5E910012B2AA}"
EndProject
Project("{FAE04EC0-301F-11D3-BF4B-00C04F79EFBC}") = "ListViewExamples.UWP", "ListViewExamples\ListViewExamples.UWP\ListViewExamples.UWP.csproj", "{B217DFDB-A57F-483F-B1A0-AB97581FA522}"
EndProject
Project("{FAE04EC0-301F-11D3-BF4B-00C04F79EFBC}") = "ListViewExamples", "ListViewExamples\ListViewExamples\ListViewExamples.csproj", "{7AE50216-2287-4ABE-BC19-9CA2ADDB7577}"
EndProject
Global
	GlobalSection(SolutionConfigurationPlatforms) = preSolution
		Ad-Hoc|Any CPU = Ad-Hoc|Any CPU
		Ad-Hoc|ARM = Ad-Hoc|ARM
		Ad-Hoc|iPhone = Ad-Hoc|iPhone
		Ad-Hoc|iPhoneSimulator = Ad-Hoc|iPhoneSimulator
		Ad-Hoc|x64 = Ad-Hoc|x64
		Ad-Hoc|x86 = Ad-Hoc|x86
		AppStore|Any CPU = AppStore|Any CPU
		AppStore|ARM = AppStore|ARM
		AppStore|iPhone = AppStore|iPhone
		AppStore|iPhoneSimulator = AppStore|iPhoneSimulator
		AppStore|x64 = AppStore|x64
		AppStore|x86 = AppStore|x86
		Debug|Any CPU = Debug|Any CPU
		Debug|ARM = Debug|ARM
		Debug|iPhone = Debug|iPhone
		Debug|iPhoneSimulator = Debug|iPhoneSimulator
		Debug|x64 = Debug|x64
		Debug|x86 = Debug|x86
		Release|Any CPU = Release|Any CPU
		Release|ARM = Release|ARM
		Release|iPhone = Release|iPhone
		Release|iPhoneSimulator = Release|iPhoneSimulator
		Release|x64 = Release|x64
		Release|x86 = Release|x86
	EndGlobalSection
	GlobalSection(ProjectConfigurationPlatforms) = postSolution
		{DCEC5B08-C17C-42AF-9C3C-FA107AC37FDA}.Ad-Hoc|Any CPU.ActiveCfg = Release|Any CPU
		{DCEC5B08-C17C-42AF-9C3C-FA107AC37FDA}.Ad-Hoc|Any CPU.Build.0 = Release|Any CPU
		{DCEC5B08-C17C-42AF-9C3C-FA107AC37FDA}.Ad-Hoc|Any CPU.Deploy.0 = Release|Any CPU
		{DCEC5B08-C17C-42AF-9C3C-FA107AC37FDA}.Ad-Hoc|ARM.ActiveCfg = Release|Any CPU
		{DCEC5B08-C17C-42AF-9C3C-FA107AC37FDA}.Ad-Hoc|ARM.Build.0 = Release|Any CPU
		{DCEC5B08-C17C-42AF-9C3C-FA107AC37FDA}.Ad-Hoc|ARM.Deploy.0 = Release|Any CPU
		{DCEC5B08-C17C-42AF-9C3C-FA107AC37FDA}.Ad-Hoc|iPhone.ActiveCfg = Release|Any CPU
		{DCEC5B08-C17C-42AF-9C3C-FA107AC37FDA}.Ad-Hoc|iPhone.Build.0 = Release|Any CPU
		{DCEC5B08-C17C-42AF-9C3C-FA107AC37FDA}.Ad-Hoc|iPhone.Deploy.0 = Release|Any CPU
		{DCEC5B08-C17C-42AF-9C3C-FA107AC37FDA}.Ad-Hoc|iPhoneSimulator.ActiveCfg = Release|Any CPU
		{DCEC5B08-C17C-42AF-9C3C-FA107AC37FDA}.Ad-Hoc|iPhoneSimulator.Build.0 = Release|Any CPU
		{DCEC5B08-C17C-42AF-9C3C-FA107AC37FDA}.Ad-Hoc|iPhoneSimulator.Deploy.0 = Release|Any CPU
		{DCEC5B08-C17C-42AF-9C3C-FA107AC37FDA}.Ad-Hoc|x64.ActiveCfg = Release|Any CPU
		{DCEC5B08-C17C-42AF-9C3C-FA107AC37FDA}.Ad-Hoc|x64.Build.0 = Release|Any CPU
		{DCEC5B08-C17C-42AF-9C3C-FA107AC37FDA}.Ad-Hoc|x64.Deploy.0 = Release|Any CPU
		{DCEC5B08-C17C-42AF-9C3C-FA107AC37FDA}.Ad-Hoc|x86.ActiveCfg = Release|Any CPU
		{DCEC5B08-C17C-42AF-9C3C-FA107AC37FDA}.Ad-Hoc|x86.Build.0 = Release|Any CPU
		{DCEC5B08-C17C-42AF-9C3C-FA107AC37FDA}.Ad-Hoc|x86.Deploy.0 = Release|Any CPU
		{DCEC5B08-C17C-42AF-9C3C-FA107AC37FDA}.AppStore|Any CPU.ActiveCfg = Release|Any CPU
		{DCEC5B08-C17C-42AF-9C3C-FA107AC37FDA}.AppStore|Any CPU.Build.0 = Release|Any CPU
		{DCEC5B08-C17C-42AF-9C3C-FA107AC37FDA}.AppStore|Any CPU.Deploy.0 = Release|Any CPU
		{DCEC5B08-C17C-42AF-9C3C-FA107AC37FDA}.AppStore|ARM.ActiveCfg = Release|Any CPU
		{DCEC5B08-C17C-42AF-9C3C-FA107AC37FDA}.AppStore|ARM.Build.0 = Release|Any CPU
		{DCEC5B08-C17C-42AF-9C3C-FA107AC37FDA}.AppStore|ARM.Deploy.0 = Release|Any CPU
		{DCEC5B08-C17C-42AF-9C3C-FA107AC37FDA}.AppStore|iPhone.ActiveCfg = Release|Any CPU
		{DCEC5B08-C17C-42AF-9C3C-FA107AC37FDA}.AppStore|iPhone.Build.0 = Release|Any CPU
		{DCEC5B08-C17C-42AF-9C3C-FA107AC37FDA}.AppStore|iPhone.Deploy.0 = Release|Any CPU
		{DCEC5B08-C17C-42AF-9C3C-FA107AC37FDA}.AppStore|iPhoneSimulator.ActiveCfg = Release|Any CPU
		{DCEC5B08-C17C-42AF-9C3C-FA107AC37FDA}.AppStore|iPhoneSimulator.Build.0 = Release|Any CPU
		{DCEC5B08-C17C-42AF-9C3C-FA107AC37FDA}.AppStore|iPhoneSimulator.Deploy.0 = Release|Any CPU
		{DCEC5B08-C17C-42AF-9C3C-FA107AC37FDA}.AppStore|x64.ActiveCfg = Release|Any CPU
		{DCEC5B08-C17C-42AF-9C3C-FA107AC37FDA}.AppStore|x64.Build.0 = Release|Any CPU
		{DCEC5B08-C17C-42AF-9C3C-FA107AC37FDA}.AppStore|x64.Deploy.0 = Release|Any CPU
		{DCEC5B08-C17C-42AF-9C3C-FA107AC37FDA}.AppStore|x86.ActiveCfg = Release|Any CPU
		{DCEC5B08-C17C-42AF-9C3C-FA107AC37FDA}.AppStore|x86.Build.0 = Release|Any CPU
		{DCEC5B08-C17C-42AF-9C3C-FA107AC37FDA}.AppStore|x86.Deploy.0 = Release|Any CPU
		{DCEC5B08-C17C-42AF-9C3C-FA107AC37FDA}.Debug|Any CPU.ActiveCfg = Debug|Any CPU
		{DCEC5B08-C17C-42AF-9C3C-FA107AC37FDA}.Debug|Any CPU.Build.0 = Debug|Any CPU
		{DCEC5B08-C17C-42AF-9C3C-FA107AC37FDA}.Debug|Any CPU.Deploy.0 = Debug|Any CPU
		{DCEC5B08-C17C-42AF-9C3C-FA107AC37FDA}.Debug|ARM.ActiveCfg = Debug|Any CPU
		{DCEC5B08-C17C-42AF-9C3C-FA107AC37FDA}.Debug|ARM.Build.0 = Debug|Any CPU
		{DCEC5B08-C17C-42AF-9C3C-FA107AC37FDA}.Debug|ARM.Deploy.0 = Debug|Any CPU
		{DCEC5B08-C17C-42AF-9C3C-FA107AC37FDA}.Debug|iPhone.ActiveCfg = Debug|Any CPU
		{DCEC5B08-C17C-42AF-9C3C-FA107AC37FDA}.Debug|iPhone.Build.0 = Debug|Any CPU
		{DCEC5B08-C17C-42AF-9C3C-FA107AC37FDA}.Debug|iPhone.Deploy.0 = Debug|Any CPU
		{DCEC5B08-C17C-42AF-9C3C-FA107AC37FDA}.Debug|iPhoneSimulator.ActiveCfg = Debug|Any CPU
		{DCEC5B08-C17C-42AF-9C3C-FA107AC37FDA}.Debug|iPhoneSimulator.Build.0 = Debug|Any CPU
		{DCEC5B08-C17C-42AF-9C3C-FA107AC37FDA}.Debug|iPhoneSimulator.Deploy.0 = Debug|Any CPU
		{DCEC5B08-C17C-42AF-9C3C-FA107AC37FDA}.Debug|x64.ActiveCfg = Debug|Any CPU
		{DCEC5B08-C17C-42AF-9C3C-FA107AC37FDA}.Debug|x64.Build.0 = Debug|Any CPU
		{DCEC5B08-C17C-42AF-9C3C-FA107AC37FDA}.Debug|x64.Deploy.0 = Debug|Any CPU
		{DCEC5B08-C17C-42AF-9C3C-FA107AC37FDA}.Debug|x86.ActiveCfg = Debug|Any CPU
		{DCEC5B08-C17C-42AF-9C3C-FA107AC37FDA}.Debug|x86.Build.0 = Debug|Any CPU
		{DCEC5B08-C17C-42AF-9C3C-FA107AC37FDA}.Debug|x86.Deploy.0 = Debug|Any CPU
		{DCEC5B08-C17C-42AF-9C3C-FA107AC37FDA}.Release|Any CPU.ActiveCfg = Release|Any CPU
		{DCEC5B08-C17C-42AF-9C3C-FA107AC37FDA}.Release|Any CPU.Build.0 = Release|Any CPU
		{DCEC5B08-C17C-42AF-9C3C-FA107AC37FDA}.Release|Any CPU.Deploy.0 = Release|Any CPU
		{DCEC5B08-C17C-42AF-9C3C-FA107AC37FDA}.Release|ARM.ActiveCfg = Release|Any CPU
		{DCEC5B08-C17C-42AF-9C3C-FA107AC37FDA}.Release|ARM.Build.0 = Release|Any CPU
		{DCEC5B08-C17C-42AF-9C3C-FA107AC37FDA}.Release|ARM.Deploy.0 = Release|Any CPU
		{DCEC5B08-C17C-42AF-9C3C-FA107AC37FDA}.Release|iPhone.ActiveCfg = Release|Any CPU
		{DCEC5B08-C17C-42AF-9C3C-FA107AC37FDA}.Release|iPhone.Build.0 = Release|Any CPU
		{DCEC5B08-C17C-42AF-9C3C-FA107AC37FDA}.Release|iPhone.Deploy.0 = Release|Any CPU
		{DCEC5B08-C17C-42AF-9C3C-FA107AC37FDA}.Release|iPhoneSimulator.ActiveCfg = Release|Any CPU
		{DCEC5B08-C17C-42AF-9C3C-FA107AC37FDA}.Release|iPhoneSimulator.Build.0 = Release|Any CPU
		{DCEC5B08-C17C-42AF-9C3C-FA107AC37FDA}.Release|iPhoneSimulator.Deploy.0 = Release|Any CPU
		{DCEC5B08-C17C-42AF-9C3C-FA107AC37FDA}.Release|x64.ActiveCfg = Release|Any CPU
		{DCEC5B08-C17C-42AF-9C3C-FA107AC37FDA}.Release|x64.Build.0 = Release|Any CPU
		{DCEC5B08-C17C-42AF-9C3C-FA107AC37FDA}.Release|x64.Deploy.0 = Release|Any CPU
		{DCEC5B08-C17C-42AF-9C3C-FA107AC37FDA}.Release|x86.ActiveCfg = Release|Any CPU
		{DCEC5B08-C17C-42AF-9C3C-FA107AC37FDA}.Release|x86.Build.0 = Release|Any CPU
		{DCEC5B08-C17C-42AF-9C3C-FA107AC37FDA}.Release|x86.Deploy.0 = Release|Any CPU
		{95F94C73-8173-4994-AF69-5E910012B2AA}.Ad-Hoc|Any CPU.ActiveCfg = Ad-Hoc|iPhone
		{95F94C73-8173-4994-AF69-5E910012B2AA}.Ad-Hoc|Any CPU.Build.0 = Ad-Hoc|iPhone
		{95F94C73-8173-4994-AF69-5E910012B2AA}.Ad-Hoc|Any CPU.Deploy.0 = Ad-Hoc|iPhone
		{95F94C73-8173-4994-AF69-5E910012B2AA}.Ad-Hoc|ARM.ActiveCfg = Ad-Hoc|iPhone
		{95F94C73-8173-4994-AF69-5E910012B2AA}.Ad-Hoc|ARM.Build.0 = Ad-Hoc|iPhone
		{95F94C73-8173-4994-AF69-5E910012B2AA}.Ad-Hoc|ARM.Deploy.0 = Ad-Hoc|iPhone
		{95F94C73-8173-4994-AF69-5E910012B2AA}.Ad-Hoc|iPhone.ActiveCfg = Ad-Hoc|iPhone
		{95F94C73-8173-4994-AF69-5E910012B2AA}.Ad-Hoc|iPhone.Build.0 = Ad-Hoc|iPhone
		{95F94C73-8173-4994-AF69-5E910012B2AA}.Ad-Hoc|iPhone.Deploy.0 = Ad-Hoc|iPhone
		{95F94C73-8173-4994-AF69-5E910012B2AA}.Ad-Hoc|iPhoneSimulator.ActiveCfg = Ad-Hoc|iPhoneSimulator
		{95F94C73-8173-4994-AF69-5E910012B2AA}.Ad-Hoc|iPhoneSimulator.Build.0 = Ad-Hoc|iPhoneSimulator
		{95F94C73-8173-4994-AF69-5E910012B2AA}.Ad-Hoc|iPhoneSimulator.Deploy.0 = Ad-Hoc|iPhoneSimulator
		{95F94C73-8173-4994-AF69-5E910012B2AA}.Ad-Hoc|x64.ActiveCfg = Ad-Hoc|iPhone
		{95F94C73-8173-4994-AF69-5E910012B2AA}.Ad-Hoc|x64.Build.0 = Ad-Hoc|iPhone
		{95F94C73-8173-4994-AF69-5E910012B2AA}.Ad-Hoc|x64.Deploy.0 = Ad-Hoc|iPhone
		{95F94C73-8173-4994-AF69-5E910012B2AA}.Ad-Hoc|x86.ActiveCfg = Ad-Hoc|iPhone
		{95F94C73-8173-4994-AF69-5E910012B2AA}.Ad-Hoc|x86.Build.0 = Ad-Hoc|iPhone
		{95F94C73-8173-4994-AF69-5E910012B2AA}.Ad-Hoc|x86.Deploy.0 = Ad-Hoc|iPhone
		{95F94C73-8173-4994-AF69-5E910012B2AA}.AppStore|Any CPU.ActiveCfg = AppStore|iPhone
		{95F94C73-8173-4994-AF69-5E910012B2AA}.AppStore|Any CPU.Build.0 = AppStore|iPhone
		{95F94C73-8173-4994-AF69-5E910012B2AA}.AppStore|Any CPU.Deploy.0 = AppStore|iPhone
		{95F94C73-8173-4994-AF69-5E910012B2AA}.AppStore|ARM.ActiveCfg = AppStore|iPhone
		{95F94C73-8173-4994-AF69-5E910012B2AA}.AppStore|ARM.Build.0 = AppStore|iPhone
		{95F94C73-8173-4994-AF69-5E910012B2AA}.AppStore|ARM.Deploy.0 = AppStore|iPhone
		{95F94C73-8173-4994-AF69-5E910012B2AA}.AppStore|iPhone.ActiveCfg = AppStore|iPhone
		{95F94C73-8173-4994-AF69-5E910012B2AA}.AppStore|iPhone.Build.0 = AppStore|iPhone
		{95F94C73-8173-4994-AF69-5E910012B2AA}.AppStore|iPhone.Deploy.0 = AppStore|iPhone
		{95F94C73-8173-4994-AF69-5E910012B2AA}.AppStore|iPhoneSimulator.ActiveCfg = AppStore|iPhoneSimulator
		{95F94C73-8173-4994-AF69-5E910012B2AA}.AppStore|iPhoneSimulator.Build.0 = AppStore|iPhoneSimulator
		{95F94C73-8173-4994-AF69-5E910012B2AA}.AppStore|iPhoneSimulator.Deploy.0 = AppStore|iPhoneSimulator
		{95F94C73-8173-4994-AF69-5E910012B2AA}.AppStore|x64.ActiveCfg = AppStore|iPhone
		{95F94C73-8173-4994-AF69-5E910012B2AA}.AppStore|x64.Build.0 = AppStore|iPhone
		{95F94C73-8173-4994-AF69-5E910012B2AA}.AppStore|x64.Deploy.0 = AppStore|iPhone
		{95F94C73-8173-4994-AF69-5E910012B2AA}.AppStore|x86.ActiveCfg = AppStore|iPhone
		{95F94C73-8173-4994-AF69-5E910012B2AA}.AppStore|x86.Build.0 = AppStore|iPhone
		{95F94C73-8173-4994-AF69-5E910012B2AA}.AppStore|x86.Deploy.0 = AppStore|iPhone
		{95F94C73-8173-4994-AF69-5E910012B2AA}.Debug|Any CPU.ActiveCfg = Debug|iPhoneSimulator
		{95F94C73-8173-4994-AF69-5E910012B2AA}.Debug|Any CPU.Build.0 = Debug|iPhoneSimulator
		{95F94C73-8173-4994-AF69-5E910012B2AA}.Debug|Any CPU.Deploy.0 = Debug|iPhoneSimulator
		{95F94C73-8173-4994-AF69-5E910012B2AA}.Debug|ARM.ActiveCfg = Debug|iPhone
		{95F94C73-8173-4994-AF69-5E910012B2AA}.Debug|ARM.Build.0 = Debug|iPhone
		{95F94C73-8173-4994-AF69-5E910012B2AA}.Debug|ARM.Deploy.0 = Debug|iPhone
		{95F94C73-8173-4994-AF69-5E910012B2AA}.Debug|iPhone.ActiveCfg = Debug|iPhone
		{95F94C73-8173-4994-AF69-5E910012B2AA}.Debug|iPhone.Build.0 = Debug|iPhone
		{95F94C73-8173-4994-AF69-5E910012B2AA}.Debug|iPhone.Deploy.0 = Debug|iPhone
		{95F94C73-8173-4994-AF69-5E910012B2AA}.Debug|iPhoneSimulator.ActiveCfg = Debug|iPhoneSimulator
		{95F94C73-8173-4994-AF69-5E910012B2AA}.Debug|iPhoneSimulator.Build.0 = Debug|iPhoneSimulator
		{95F94C73-8173-4994-AF69-5E910012B2AA}.Debug|iPhoneSimulator.Deploy.0 = Debug|iPhoneSimulator
		{95F94C73-8173-4994-AF69-5E910012B2AA}.Debug|x64.ActiveCfg = Debug|iPhone
		{95F94C73-8173-4994-AF69-5E910012B2AA}.Debug|x64.Build.0 = Debug|iPhone
		{95F94C73-8173-4994-AF69-5E910012B2AA}.Debug|x64.Deploy.0 = Debug|iPhone
		{95F94C73-8173-4994-AF69-5E910012B2AA}.Debug|x86.ActiveCfg = Debug|iPhone
		{95F94C73-8173-4994-AF69-5E910012B2AA}.Debug|x86.Build.0 = Debug|iPhone
		{95F94C73-8173-4994-AF69-5E910012B2AA}.Debug|x86.Deploy.0 = Debug|iPhone
		{95F94C73-8173-4994-AF69-5E910012B2AA}.Release|Any CPU.ActiveCfg = Release|iPhone
		{95F94C73-8173-4994-AF69-5E910012B2AA}.Release|Any CPU.Build.0 = Release|iPhone
		{95F94C73-8173-4994-AF69-5E910012B2AA}.Release|Any CPU.Deploy.0 = Release|iPhone
		{95F94C73-8173-4994-AF69-5E910012B2AA}.Release|ARM.ActiveCfg = Release|iPhone
		{95F94C73-8173-4994-AF69-5E910012B2AA}.Release|ARM.Build.0 = Release|iPhone
		{95F94C73-8173-4994-AF69-5E910012B2AA}.Release|ARM.Deploy.0 = Release|iPhone
		{95F94C73-8173-4994-AF69-5E910012B2AA}.Release|iPhone.ActiveCfg = Release|iPhone
		{95F94C73-8173-4994-AF69-5E910012B2AA}.Release|iPhone.Build.0 = Release|iPhone
		{95F94C73-8173-4994-AF69-5E910012B2AA}.Release|iPhone.Deploy.0 = Release|iPhone
		{95F94C73-8173-4994-AF69-5E910012B2AA}.Release|iPhoneSimulator.ActiveCfg = Release|iPhoneSimulator
		{95F94C73-8173-4994-AF69-5E910012B2AA}.Release|iPhoneSimulator.Build.0 = Release|iPhoneSimulator
		{95F94C73-8173-4994-AF69-5E910012B2AA}.Release|iPhoneSimulator.Deploy.0 = Release|iPhoneSimulator
		{95F94C73-8173-4994-AF69-5E910012B2AA}.Release|x64.ActiveCfg = Release|iPhone
		{95F94C73-8173-4994-AF69-5E910012B2AA}.Release|x64.Build.0 = Release|iPhone
		{95F94C73-8173-4994-AF69-5E910012B2AA}.Release|x64.Deploy.0 = Release|iPhone
		{95F94C73-8173-4994-AF69-5E910012B2AA}.Release|x86.ActiveCfg = Release|iPhone
		{95F94C73-8173-4994-AF69-5E910012B2AA}.Release|x86.Build.0 = Release|iPhone
		{95F94C73-8173-4994-AF69-5E910012B2AA}.Release|x86.Deploy.0 = Release|iPhone
		{B217DFDB-A57F-483F-B1A0-AB97581FA522}.Ad-Hoc|Any CPU.ActiveCfg = Release|x86
		{B217DFDB-A57F-483F-B1A0-AB97581FA522}.Ad-Hoc|Any CPU.Build.0 = Release|x86
		{B217DFDB-A57F-483F-B1A0-AB97581FA522}.Ad-Hoc|Any CPU.Deploy.0 = Release|x86
		{B217DFDB-A57F-483F-B1A0-AB97581FA522}.Ad-Hoc|ARM.ActiveCfg = Release|ARM
		{B217DFDB-A57F-483F-B1A0-AB97581FA522}.Ad-Hoc|ARM.Build.0 = Release|ARM
		{B217DFDB-A57F-483F-B1A0-AB97581FA522}.Ad-Hoc|ARM.Deploy.0 = Release|ARM
		{B217DFDB-A57F-483F-B1A0-AB97581FA522}.Ad-Hoc|iPhone.ActiveCfg = Release|x86
		{B217DFDB-A57F-483F-B1A0-AB97581FA522}.Ad-Hoc|iPhone.Build.0 = Release|x86
		{B217DFDB-A57F-483F-B1A0-AB97581FA522}.Ad-Hoc|iPhone.Deploy.0 = Release|x86
		{B217DFDB-A57F-483F-B1A0-AB97581FA522}.Ad-Hoc|iPhoneSimulator.ActiveCfg = Release|x86
		{B217DFDB-A57F-483F-B1A0-AB97581FA522}.Ad-Hoc|iPhoneSimulator.Build.0 = Release|x86
		{B217DFDB-A57F-483F-B1A0-AB97581FA522}.Ad-Hoc|iPhoneSimulator.Deploy.0 = Release|x86
		{B217DFDB-A57F-483F-B1A0-AB97581FA522}.Ad-Hoc|x64.ActiveCfg = Release|x64
		{B217DFDB-A57F-483F-B1A0-AB97581FA522}.Ad-Hoc|x64.Build.0 = Release|x64
		{B217DFDB-A57F-483F-B1A0-AB97581FA522}.Ad-Hoc|x64.Deploy.0 = Release|x64
		{B217DFDB-A57F-483F-B1A0-AB97581FA522}.Ad-Hoc|x86.ActiveCfg = Release|x86
		{B217DFDB-A57F-483F-B1A0-AB97581FA522}.Ad-Hoc|x86.Build.0 = Release|x86
		{B217DFDB-A57F-483F-B1A0-AB97581FA522}.Ad-Hoc|x86.Deploy.0 = Release|x86
		{B217DFDB-A57F-483F-B1A0-AB97581FA522}.AppStore|Any CPU.ActiveCfg = Release|x86
		{B217DFDB-A57F-483F-B1A0-AB97581FA522}.AppStore|Any CPU.Build.0 = Release|x86
		{B217DFDB-A57F-483F-B1A0-AB97581FA522}.AppStore|Any CPU.Deploy.0 = Release|x86
		{B217DFDB-A57F-483F-B1A0-AB97581FA522}.AppStore|ARM.ActiveCfg = Release|ARM
		{B217DFDB-A57F-483F-B1A0-AB97581FA522}.AppStore|ARM.Build.0 = Release|ARM
		{B217DFDB-A57F-483F-B1A0-AB97581FA522}.AppStore|ARM.Deploy.0 = Release|ARM
		{B217DFDB-A57F-483F-B1A0-AB97581FA522}.AppStore|iPhone.ActiveCfg = Release|x86
		{B217DFDB-A57F-483F-B1A0-AB97581FA522}.AppStore|iPhone.Build.0 = Release|x86
		{B217DFDB-A57F-483F-B1A0-AB97581FA522}.AppStore|iPhone.Deploy.0 = Release|x86
		{B217DFDB-A57F-483F-B1A0-AB97581FA522}.AppStore|iPhoneSimulator.ActiveCfg = Release|x86
		{B217DFDB-A57F-483F-B1A0-AB97581FA522}.AppStore|iPhoneSimulator.Build.0 = Release|x86
		{B217DFDB-A57F-483F-B1A0-AB97581FA522}.AppStore|iPhoneSimulator.Deploy.0 = Release|x86
		{B217DFDB-A57F-483F-B1A0-AB97581FA522}.AppStore|x64.ActiveCfg = Release|x64
		{B217DFDB-A57F-483F-B1A0-AB97581FA522}.AppStore|x64.Build.0 = Release|x64
		{B217DFDB-A57F-483F-B1A0-AB97581FA522}.AppStore|x64.Deploy.0 = Release|x64
		{B217DFDB-A57F-483F-B1A0-AB97581FA522}.AppStore|x86.ActiveCfg = Release|x86
		{B217DFDB-A57F-483F-B1A0-AB97581FA522}.AppStore|x86.Build.0 = Release|x86
		{B217DFDB-A57F-483F-B1A0-AB97581FA522}.AppStore|x86.Deploy.0 = Release|x86
		{B217DFDB-A57F-483F-B1A0-AB97581FA522}.Debug|Any CPU.ActiveCfg = Debug|x86
		{B217DFDB-A57F-483F-B1A0-AB97581FA522}.Debug|Any CPU.Build.0 = Debug|x86
		{B217DFDB-A57F-483F-B1A0-AB97581FA522}.Debug|Any CPU.Deploy.0 = Debug|x86
		{B217DFDB-A57F-483F-B1A0-AB97581FA522}.Debug|ARM.ActiveCfg = Debug|ARM
		{B217DFDB-A57F-483F-B1A0-AB97581FA522}.Debug|ARM.Build.0 = Debug|ARM
		{B217DFDB-A57F-483F-B1A0-AB97581FA522}.Debug|ARM.Deploy.0 = Debug|ARM
		{B217DFDB-A57F-483F-B1A0-AB97581FA522}.Debug|iPhone.ActiveCfg = Debug|x86
		{B217DFDB-A57F-483F-B1A0-AB97581FA522}.Debug|iPhone.Build.0 = Debug|x86
		{B217DFDB-A57F-483F-B1A0-AB97581FA522}.Debug|iPhone.Deploy.0 = Debug|x86
		{B217DFDB-A57F-483F-B1A0-AB97581FA522}.Debug|iPhoneSimulator.ActiveCfg = Debug|x86
		{B217DFDB-A57F-483F-B1A0-AB97581FA522}.Debug|iPhoneSimulator.Build.0 = Debug|x86
		{B217DFDB-A57F-483F-B1A0-AB97581FA522}.Debug|iPhoneSimulator.Deploy.0 = Debug|x86
		{B217DFDB-A57F-483F-B1A0-AB97581FA522}.Debug|x64.ActiveCfg = Debug|x64
		{B217DFDB-A57F-483F-B1A0-AB97581FA522}.Debug|x64.Build.0 = Debug|x64
		{B217DFDB-A57F-483F-B1A0-AB97581FA522}.Debug|x64.Deploy.0 = Debug|x64
		{B217DFDB-A57F-483F-B1A0-AB97581FA522}.Debug|x86.ActiveCfg = Debug|x86
		{B217DFDB-A57F-483F-B1A0-AB97581FA522}.Debug|x86.Build.0 = Debug|x86
		{B217DFDB-A57F-483F-B1A0-AB97581FA522}.Debug|x86.Deploy.0 = Debug|x86
		{B217DFDB-A57F-483F-B1A0-AB97581FA522}.Release|Any CPU.ActiveCfg = Release|x86
		{B217DFDB-A57F-483F-B1A0-AB97581FA522}.Release|Any CPU.Build.0 = Release|x86
		{B217DFDB-A57F-483F-B1A0-AB97581FA522}.Release|Any CPU.Deploy.0 = Release|x86
		{B217DFDB-A57F-483F-B1A0-AB97581FA522}.Release|ARM.ActiveCfg = Release|ARM
		{B217DFDB-A57F-483F-B1A0-AB97581FA522}.Release|ARM.Build.0 = Release|ARM
		{B217DFDB-A57F-483F-B1A0-AB97581FA522}.Release|ARM.Deploy.0 = Release|ARM
		{B217DFDB-A57F-483F-B1A0-AB97581FA522}.Release|iPhone.ActiveCfg = Release|x86
		{B217DFDB-A57F-483F-B1A0-AB97581FA522}.Release|iPhone.Build.0 = Release|x86
		{B217DFDB-A57F-483F-B1A0-AB97581FA522}.Release|iPhone.Deploy.0 = Release|x86
		{B217DFDB-A57F-483F-B1A0-AB97581FA522}.Release|iPhoneSimulator.ActiveCfg = Release|x86
		{B217DFDB-A57F-483F-B1A0-AB97581FA522}.Release|iPhoneSimulator.Build.0 = Release|x86
		{B217DFDB-A57F-483F-B1A0-AB97581FA522}.Release|iPhoneSimulator.Deploy.0 = Release|x86
		{B217DFDB-A57F-483F-B1A0-AB97581FA522}.Release|x64.ActiveCfg = Release|x64
		{B217DFDB-A57F-483F-B1A0-AB97581FA522}.Release|x64.Build.0 = Release|x64
		{B217DFDB-A57F-483F-B1A0-AB97581FA522}.Release|x64.Deploy.0 = Release|x64
		{B217DFDB-A57F-483F-B1A0-AB97581FA522}.Release|x86.ActiveCfg = Release|x86
		{B217DFDB-A57F-483F-B1A0-AB97581FA522}.Release|x86.Build.0 = Release|x86
		{B217DFDB-A57F-483F-B1A0-AB97581FA522}.Release|x86.Deploy.0 = Release|x86
		{7AE50216-2287-4ABE-BC19-9CA2ADDB7577}.Ad-Hoc|Any CPU.ActiveCfg = Debug|Any CPU
		{7AE50216-2287-4ABE-BC19-9CA2ADDB7577}.Ad-Hoc|Any CPU.Build.0 = Debug|Any CPU
		{7AE50216-2287-4ABE-BC19-9CA2ADDB7577}.Ad-Hoc|Any CPU.Deploy.0 = Debug|Any CPU
		{7AE50216-2287-4ABE-BC19-9CA2ADDB7577}.Ad-Hoc|ARM.ActiveCfg = Debug|Any CPU
		{7AE50216-2287-4ABE-BC19-9CA2ADDB7577}.Ad-Hoc|ARM.Build.0 = Debug|Any CPU
		{7AE50216-2287-4ABE-BC19-9CA2ADDB7577}.Ad-Hoc|ARM.Deploy.0 = Debug|Any CPU
		{7AE50216-2287-4ABE-BC19-9CA2ADDB7577}.Ad-Hoc|iPhone.ActiveCfg = Debug|Any CPU
		{7AE50216-2287-4ABE-BC19-9CA2ADDB7577}.Ad-Hoc|iPhone.Build.0 = Debug|Any CPU
		{7AE50216-2287-4ABE-BC19-9CA2ADDB7577}.Ad-Hoc|iPhone.Deploy.0 = Debug|Any CPU
		{7AE50216-2287-4ABE-BC19-9CA2ADDB7577}.Ad-Hoc|iPhoneSimulator.ActiveCfg = Debug|Any CPU
		{7AE50216-2287-4ABE-BC19-9CA2ADDB7577}.Ad-Hoc|iPhoneSimulator.Build.0 = Debug|Any CPU
		{7AE50216-2287-4ABE-BC19-9CA2ADDB7577}.Ad-Hoc|iPhoneSimulator.Deploy.0 = Debug|Any CPU
		{7AE50216-2287-4ABE-BC19-9CA2ADDB7577}.Ad-Hoc|x64.ActiveCfg = Debug|Any CPU
		{7AE50216-2287-4ABE-BC19-9CA2ADDB7577}.Ad-Hoc|x64.Build.0 = Debug|Any CPU
		{7AE50216-2287-4ABE-BC19-9CA2ADDB7577}.Ad-Hoc|x64.Deploy.0 = Debug|Any CPU
		{7AE50216-2287-4ABE-BC19-9CA2ADDB7577}.Ad-Hoc|x86.ActiveCfg = Debug|Any CPU
		{7AE50216-2287-4ABE-BC19-9CA2ADDB7577}.Ad-Hoc|x86.Build.0 = Debug|Any CPU
		{7AE50216-2287-4ABE-BC19-9CA2ADDB7577}.Ad-Hoc|x86.Deploy.0 = Debug|Any CPU
		{7AE50216-2287-4ABE-BC19-9CA2ADDB7577}.AppStore|Any CPU.ActiveCfg = Debug|Any CPU
		{7AE50216-2287-4ABE-BC19-9CA2ADDB7577}.AppStore|Any CPU.Build.0 = Debug|Any CPU
		{7AE50216-2287-4ABE-BC19-9CA2ADDB7577}.AppStore|Any CPU.Deploy.0 = Debug|Any CPU
		{7AE50216-2287-4ABE-BC19-9CA2ADDB7577}.AppStore|ARM.ActiveCfg = Debug|Any CPU
		{7AE50216-2287-4ABE-BC19-9CA2ADDB7577}.AppStore|ARM.Build.0 = Debug|Any CPU
		{7AE50216-2287-4ABE-BC19-9CA2ADDB7577}.AppStore|ARM.Deploy.0 = Debug|Any CPU
		{7AE50216-2287-4ABE-BC19-9CA2ADDB7577}.AppStore|iPhone.ActiveCfg = Debug|Any CPU
		{7AE50216-2287-4ABE-BC19-9CA2ADDB7577}.AppStore|iPhone.Build.0 = Debug|Any CPU
		{7AE50216-2287-4ABE-BC19-9CA2ADDB7577}.AppStore|iPhone.Deploy.0 = Debug|Any CPU
		{7AE50216-2287-4ABE-BC19-9CA2ADDB7577}.AppStore|iPhoneSimulator.ActiveCfg = Debug|Any CPU
		{7AE50216-2287-4ABE-BC19-9CA2ADDB7577}.AppStore|iPhoneSimulator.Build.0 = Debug|Any CPU
		{7AE50216-2287-4ABE-BC19-9CA2ADDB7577}.AppStore|iPhoneSimulator.Deploy.0 = Debug|Any CPU
		{7AE50216-2287-4ABE-BC19-9CA2ADDB7577}.AppStore|x64.ActiveCfg = Debug|Any CPU
		{7AE50216-2287-4ABE-BC19-9CA2ADDB7577}.AppStore|x64.Build.0 = Debug|Any CPU
		{7AE50216-2287-4ABE-BC19-9CA2ADDB7577}.AppStore|x64.Deploy.0 = Debug|Any CPU
		{7AE50216-2287-4ABE-BC19-9CA2ADDB7577}.AppStore|x86.ActiveCfg = Debug|Any CPU
		{7AE50216-2287-4ABE-BC19-9CA2ADDB7577}.AppStore|x86.Build.0 = Debug|Any CPU
		{7AE50216-2287-4ABE-BC19-9CA2ADDB7577}.AppStore|x86.Deploy.0 = Debug|Any CPU
		{7AE50216-2287-4ABE-BC19-9CA2ADDB7577}.Debug|Any CPU.ActiveCfg = Debug|Any CPU
		{7AE50216-2287-4ABE-BC19-9CA2ADDB7577}.Debug|Any CPU.Build.0 = Debug|Any CPU
		{7AE50216-2287-4ABE-BC19-9CA2ADDB7577}.Debug|Any CPU.Deploy.0 = Debug|Any CPU
		{7AE50216-2287-4ABE-BC19-9CA2ADDB7577}.Debug|ARM.ActiveCfg = Debug|Any CPU
		{7AE50216-2287-4ABE-BC19-9CA2ADDB7577}.Debug|ARM.Build.0 = Debug|Any CPU
		{7AE50216-2287-4ABE-BC19-9CA2ADDB7577}.Debug|ARM.Deploy.0 = Debug|Any CPU
		{7AE50216-2287-4ABE-BC19-9CA2ADDB7577}.Debug|iPhone.ActiveCfg = Debug|Any CPU
		{7AE50216-2287-4ABE-BC19-9CA2ADDB7577}.Debug|iPhone.Build.0 = Debug|Any CPU
		{7AE50216-2287-4ABE-BC19-9CA2ADDB7577}.Debug|iPhone.Deploy.0 = Debug|Any CPU
		{7AE50216-2287-4ABE-BC19-9CA2ADDB7577}.Debug|iPhoneSimulator.ActiveCfg = Debug|Any CPU
		{7AE50216-2287-4ABE-BC19-9CA2ADDB7577}.Debug|iPhoneSimulator.Build.0 = Debug|Any CPU
		{7AE50216-2287-4ABE-BC19-9CA2ADDB7577}.Debug|iPhoneSimulator.Deploy.0 = Debug|Any CPU
		{7AE50216-2287-4ABE-BC19-9CA2ADDB7577}.Debug|x64.ActiveCfg = Debug|Any CPU
		{7AE50216-2287-4ABE-BC19-9CA2ADDB7577}.Debug|x64.Build.0 = Debug|Any CPU
		{7AE50216-2287-4ABE-BC19-9CA2ADDB7577}.Debug|x64.Deploy.0 = Debug|Any CPU
		{7AE50216-2287-4ABE-BC19-9CA2ADDB7577}.Debug|x86.ActiveCfg = Debug|Any CPU
		{7AE50216-2287-4ABE-BC19-9CA2ADDB7577}.Debug|x86.Build.0 = Debug|Any CPU
		{7AE50216-2287-4ABE-BC19-9CA2ADDB7577}.Debug|x86.Deploy.0 = Debug|Any CPU
		{7AE50216-2287-4ABE-BC19-9CA2ADDB7577}.Release|Any CPU.ActiveCfg = Release|Any CPU
		{7AE50216-2287-4ABE-BC19-9CA2ADDB7577}.Release|Any CPU.Build.0 = Release|Any CPU
		{7AE50216-2287-4ABE-BC19-9CA2ADDB7577}.Release|Any CPU.Deploy.0 = Release|Any CPU
		{7AE50216-2287-4ABE-BC19-9CA2ADDB7577}.Release|ARM.ActiveCfg = Release|Any CPU
		{7AE50216-2287-4ABE-BC19-9CA2ADDB7577}.Release|ARM.Build.0 = Release|Any CPU
		{7AE50216-2287-4ABE-BC19-9CA2ADDB7577}.Release|ARM.Deploy.0 = Release|Any CPU
		{7AE50216-2287-4ABE-BC19-9CA2ADDB7577}.Release|iPhone.ActiveCfg = Release|Any CPU
		{7AE50216-2287-4ABE-BC19-9CA2ADDB7577}.Release|iPhone.Build.0 = Release|Any CPU
		{7AE50216-2287-4ABE-BC19-9CA2ADDB7577}.Release|iPhone.Deploy.0 = Release|Any CPU
		{7AE50216-2287-4ABE-BC19-9CA2ADDB7577}.Release|iPhoneSimulator.ActiveCfg = Release|Any CPU
		{7AE50216-2287-4ABE-BC19-9CA2ADDB7577}.Release|iPhoneSimulator.Build.0 = Release|Any CPU
		{7AE50216-2287-4ABE-BC19-9CA2ADDB7577}.Release|iPhoneSimulator.Deploy.0 = Release|Any CPU
		{7AE50216-2287-4ABE-BC19-9CA2ADDB7577}.Release|x64.ActiveCfg = Release|Any CPU
		{7AE50216-2287-4ABE-BC19-9CA2ADDB7577}.Release|x64.Build.0 = Release|Any CPU
		{7AE50216-2287-4ABE-BC19-9CA2ADDB7577}.Release|x64.Deploy.0 = Release|Any CPU
		{7AE50216-2287-4ABE-BC19-9CA2ADDB7577}.Release|x86.ActiveCfg = Release|Any CPU
		{7AE50216-2287-4ABE-BC19-9CA2ADDB7577}.Release|x86.Build.0 = Release|Any CPU
		{7AE50216-2287-4ABE-BC19-9CA2ADDB7577}.Release|x86.Deploy.0 = Release|Any CPU
	EndGlobalSection
	GlobalSection(SolutionProperties) = preSolution
		HideSolutionNode = FALSE
	EndGlobalSection
	GlobalSection(ExtensibilityGlobals) = postSolution
		SolutionGuid = {283ABD04-7B46-4C44-B1AC-3BA32E3D5B0A}
	EndGlobalSection
EndGlobal
