
Microsoft Visual Studio Solution File, Format Version 12.00
# Visual Studio 15
VisualStudioVersion = 15.0.27703.2035
MinimumVisualStudioVersion = 10.0.40219.1
Project("{FAE04EC0-301F-11D3-BF4B-00C04F79EFBC}") = "Server", "Server\Server.csproj", "{64A81353-2A85-4250-969C-39F57AE7CF51}"
EndProject
Project("{FAE04EC0-301F-11D3-BF4B-00C04F79EFBC}") = "Client", "..\Client\Client.csproj", "{AE413E1A-F67D-49E6-A008-BECC9C25EA99}"
EndProject
Global
	GlobalSection(SolutionConfigurationPlatforms) = preSolution
		Debug|Any CPU = Debug|Any CPU
		Release|Any CPU = Release|Any CPU
	EndGlobalSection
	GlobalSection(ProjectConfigurationPlatforms) = postSolution
		{64A81353-2A85-4250-969C-39F57AE7CF51}.Debug|Any CPU.ActiveCfg = Debug|Any CPU
		{64A81353-2A85-4250-969C-39F57AE7CF51}.Debug|Any CPU.Build.0 = Debug|Any CPU
		{64A81353-2A85-4250-969C-39F57AE7CF51}.Release|Any CPU.ActiveCfg = Release|Any CPU
		{64A81353-2A85-4250-969C-39F57AE7CF51}.Release|Any CPU.Build.0 = Release|Any CPU
		{AE413E1A-F67D-49E6-A008-BECC9C25EA99}.Debug|Any CPU.ActiveCfg = Debug|Any CPU
		{AE413E1A-F67D-49E6-A008-BECC9C25EA99}.Debug|Any CPU.Build.0 = Debug|Any CPU
		{AE413E1A-F67D-49E6-A008-BECC9C25EA99}.Release|Any CPU.ActiveCfg = Release|Any CPU
		{AE413E1A-F67D-49E6-A008-BECC9C25EA99}.Release|Any CPU.Build.0 = Release|Any CPU
	EndGlobalSection
	GlobalSection(SolutionProperties) = preSolution
		HideSolutionNode = FALSE
	EndGlobalSection
	GlobalSection(ExtensibilityGlobals) = postSolution
		SolutionGuid = {F8D086A2-59B3-4E66-8F3C-AF5AF76BD9A4}
	EndGlobalSection
EndGlobal
