
Microsoft Visual Studio Solution File, Format Version 12.00
# Visual Studio Version 16
VisualStudioVersion = 16.0.31410.357
MinimumVisualStudioVersion = 10.0.40219.1
Project("{FAE04EC0-301F-11D3-BF4B-00C04F79EFBC}") = "Mocking", "Mocking\Mocking.csproj", "{4DCCD2A9-D0E2-4CA2-9B9E-05D9AA466CC6}"
EndProject
Global
	GlobalSection(SolutionConfigurationPlatforms) = preSolution
		Debug|Any CPU = Debug|Any CPU
		Release|Any CPU = Release|Any CPU
	EndGlobalSection
	GlobalSection(ProjectConfigurationPlatforms) = postSolution
		{4DCCD2A9-D0E2-4CA2-9B9E-05D9AA466CC6}.Debug|Any CPU.ActiveCfg = Debug|Any CPU
		{4DCCD2A9-D0E2-4CA2-9B9E-05D9AA466CC6}.Debug|Any CPU.Build.0 = Debug|Any CPU
		{4DCCD2A9-D0E2-4CA2-9B9E-05D9AA466CC6}.Release|Any CPU.ActiveCfg = Release|Any CPU
		{4DCCD2A9-D0E2-4CA2-9B9E-05D9AA466CC6}.Release|Any CPU.Build.0 = Release|Any CPU
	EndGlobalSection
	GlobalSection(SolutionProperties) = preSolution
		HideSolutionNode = FALSE
	EndGlobalSection
	GlobalSection(ExtensibilityGlobals) = postSolution
		SolutionGuid = {D00BE149-6D21-4A17-A2BC-B76AD407D7FF}
	EndGlobalSection
EndGlobal
