
Microsoft Visual Studio Solution File, Format Version 12.00
# Visual Studio 15
VisualStudioVersion = 15.0.28010.2003
MinimumVisualStudioVersion = 10.0.40219.1
Project("{FAE04EC0-301F-11D3-BF4B-00C04F79EFBC}") = "FileLocations", "FileLocations\FileLocations.csproj", "{54AFB526-CA2F-49F5-9D39-DF1208A49C82}"
EndProject
Global
	GlobalSection(SolutionConfigurationPlatforms) = preSolution
		Debug|Any CPU = Debug|Any CPU
		Release|Any CPU = Release|Any CPU
	EndGlobalSection
	GlobalSection(ProjectConfigurationPlatforms) = postSolution
		{54AFB526-CA2F-49F5-9D39-DF1208A49C82}.Debug|Any CPU.ActiveCfg = Debug|Any CPU
		{54AFB526-CA2F-49F5-9D39-DF1208A49C82}.Debug|Any CPU.Build.0 = Debug|Any CPU
		{54AFB526-CA2F-49F5-9D39-DF1208A49C82}.Release|Any CPU.ActiveCfg = Release|Any CPU
		{54AFB526-CA2F-49F5-9D39-DF1208A49C82}.Release|Any CPU.Build.0 = Release|Any CPU
	EndGlobalSection
	GlobalSection(SolutionProperties) = preSolution
		HideSolutionNode = FALSE
	EndGlobalSection
	GlobalSection(ExtensibilityGlobals) = postSolution
		SolutionGuid = {F5564E11-0DA2-4347-9AAB-D773A77C3F0C}
	EndGlobalSection
EndGlobal
