
Microsoft Visual Studio Solution File, Format Version 12.00
# Visual Studio 15
VisualStudioVersion = 15.0.27428.2015
MinimumVisualStudioVersion = 10.0.40219.1
Project("{FAE04EC0-301F-11D3-BF4B-00C04F79EFBC}") = "KestrelTest", "KestrelTest\KestrelTest.csproj", "{50FE06CD-A985-43E7-A48B-93D2583536EF}"
EndProject
Global
	GlobalSection(SolutionConfigurationPlatforms) = preSolution
		Debug|Any CPU = Debug|Any CPU
		Release|Any CPU = Release|Any CPU
	EndGlobalSection
	GlobalSection(ProjectConfigurationPlatforms) = postSolution
		{50FE06CD-A985-43E7-A48B-93D2583536EF}.Debug|Any CPU.ActiveCfg = Debug|Any CPU
		{50FE06CD-A985-43E7-A48B-93D2583536EF}.Debug|Any CPU.Build.0 = Debug|Any CPU
		{50FE06CD-A985-43E7-A48B-93D2583536EF}.Release|Any CPU.ActiveCfg = Release|Any CPU
		{50FE06CD-A985-43E7-A48B-93D2583536EF}.Release|Any CPU.Build.0 = Release|Any CPU
	EndGlobalSection
	GlobalSection(SolutionProperties) = preSolution
		HideSolutionNode = FALSE
	EndGlobalSection
	GlobalSection(ExtensibilityGlobals) = postSolution
		SolutionGuid = {43897B9F-5B3F-4744-B366-171932546CD7}
	EndGlobalSection
EndGlobal
