
Microsoft Visual Studio Solution File, Format Version 12.00
# Visual Studio 15
VisualStudioVersion = 15.0.28307.329
MinimumVisualStudioVersion = 10.0.40219.1
Project("{FAE04EC0-301F-11D3-BF4B-00C04F79EFBC}") = "ControllerApp", "ControllerApp\ControllerApp.csproj", "{BEED733A-E033-49B2-909E-D2B25A440435}"
EndProject
Global
	GlobalSection(SolutionConfigurationPlatforms) = preSolution
		Debug|Any CPU = Debug|Any CPU
		Release|Any CPU = Release|Any CPU
	EndGlobalSection
	GlobalSection(ProjectConfigurationPlatforms) = postSolution
		{BEED733A-E033-49B2-909E-D2B25A440435}.Debug|Any CPU.ActiveCfg = Debug|Any CPU
		{BEED733A-E033-49B2-909E-D2B25A440435}.Debug|Any CPU.Build.0 = Debug|Any CPU
		{BEED733A-E033-49B2-909E-D2B25A440435}.Release|Any CPU.ActiveCfg = Release|Any CPU
		{BEED733A-E033-49B2-909E-D2B25A440435}.Release|Any CPU.Build.0 = Release|Any CPU
	EndGlobalSection
	GlobalSection(SolutionProperties) = preSolution
		HideSolutionNode = FALSE
	EndGlobalSection
	GlobalSection(ExtensibilityGlobals) = postSolution
		SolutionGuid = {2C0B2A35-3234-4234-A4BD-50F309B248DF}
	EndGlobalSection
EndGlobal
