
Microsoft Visual Studio Solution File, Format Version 12.00
# Visual Studio Version 16
VisualStudioVersion = 16.0.30011.22
MinimumVisualStudioVersion = 10.0.40219.1
Project("{FAE04EC0-301F-11D3-BF4B-00C04F79EFBC}") = "KestrelWebsockets", "KestrelWebsockets\KestrelWebsockets.csproj", "{90593C5F-7F65-4F2A-8346-05B85C8395AB}"
EndProject
Global
	GlobalSection(SolutionConfigurationPlatforms) = preSolution
		Debug|Any CPU = Debug|Any CPU
		Release|Any CPU = Release|Any CPU
	EndGlobalSection
	GlobalSection(ProjectConfigurationPlatforms) = postSolution
		{90593C5F-7F65-4F2A-8346-05B85C8395AB}.Debug|Any CPU.ActiveCfg = Debug|Any CPU
		{90593C5F-7F65-4F2A-8346-05B85C8395AB}.Debug|Any CPU.Build.0 = Debug|Any CPU
		{90593C5F-7F65-4F2A-8346-05B85C8395AB}.Release|Any CPU.ActiveCfg = Release|Any CPU
		{90593C5F-7F65-4F2A-8346-05B85C8395AB}.Release|Any CPU.Build.0 = Release|Any CPU
	EndGlobalSection
	GlobalSection(SolutionProperties) = preSolution
		HideSolutionNode = FALSE
	EndGlobalSection
	GlobalSection(ExtensibilityGlobals) = postSolution
		SolutionGuid = {B0B289E0-65C8-411A-BCED-FFBDC44E7B03}
	EndGlobalSection
EndGlobal
